// !$*UTF8*$!
{
	archiveVersion = 1;
	classes = {
	};
	objectVersion = 56;
	objects = {

/* Begin PBXBuildFile section */
		653B8C382AD1875F008DD800 /* DRUMRE_LAB1App.swift in Sources */ = {isa = PBXBuildFile; fileRef = 653B8C372AD1875F008DD800 /* DRUMRE_LAB1App.swift */; };
		653B8C3C2AD18760008DD800 /* Assets.xcassets in Resources */ = {isa = PBXBuildFile; fileRef = 653B8C3B2AD18760008DD800 /* Assets.xcassets */; };
		653B8C3F2AD18760008DD800 /* Preview Assets.xcassets in Resources */ = {isa = PBXBuildFile; fileRef = 653B8C3E2AD18760008DD800 /* Preview Assets.xcassets */; };
		653B8C532AD18A67008DD800 /* APIError.swift in Sources */ = {isa = PBXBuildFile; fileRef = 653B8C4A2AD18A67008DD800 /* APIError.swift */; };
		653B8C542AD18A67008DD800 /* Authorizable.swift in Sources */ = {isa = PBXBuildFile; fileRef = 653B8C4C2AD18A67008DD800 /* Authorizable.swift */; };
		653B8C552AD18A67008DD800 /* Endpoint.swift in Sources */ = {isa = PBXBuildFile; fileRef = 653B8C4D2AD18A67008DD800 /* Endpoint.swift */; };
		653B8C562AD18A67008DD800 /* MockApiResponse.swift in Sources */ = {isa = PBXBuildFile; fileRef = 653B8C4F2AD18A67008DD800 /* MockApiResponse.swift */; };
		653B8C572AD18A67008DD800 /* ApiResponse.swift in Sources */ = {isa = PBXBuildFile; fileRef = 653B8C502AD18A67008DD800 /* ApiResponse.swift */; };
		653B8C582AD18A67008DD800 /* NetworkProvider.swift in Sources */ = {isa = PBXBuildFile; fileRef = 653B8C512AD18A67008DD800 /* NetworkProvider.swift */; };
		653B8C592AD18A67008DD800 /* RequestMethod.swift in Sources */ = {isa = PBXBuildFile; fileRef = 653B8C522AD18A67008DD800 /* RequestMethod.swift */; };
		653B8C6A2AD18A7F008DD800 /* Logger.swift in Sources */ = {isa = PBXBuildFile; fileRef = 653B8C5B2AD18A7F008DD800 /* Logger.swift */; };
		653B8C6B2AD18A7F008DD800 /* LocalStorage.swift in Sources */ = {isa = PBXBuildFile; fileRef = 653B8C5C2AD18A7F008DD800 /* LocalStorage.swift */; };
		653B8C6C2AD18A7F008DD800 /* Router.swift in Sources */ = {isa = PBXBuildFile; fileRef = 653B8C5D2AD18A7F008DD800 /* Router.swift */; };
		653B8C7F2AD18AE2008DD800 /* Publisher+Utility.swift in Sources */ = {isa = PBXBuildFile; fileRef = 653B8C792AD18AE2008DD800 /* Publisher+Utility.swift */; };
		653B8C802AD18AE2008DD800 /* Thread+debug.swift in Sources */ = {isa = PBXBuildFile; fileRef = 653B8C7B2AD18AE2008DD800 /* Thread+debug.swift */; };
		653B8C812AD18AE2008DD800 /* Int+Extensions.swift in Sources */ = {isa = PBXBuildFile; fileRef = 653B8C7C2AD18AE2008DD800 /* Int+Extensions.swift */; };
		653B8C822AD18AE2008DD800 /* URLSession+dataTask.swift in Sources */ = {isa = PBXBuildFile; fileRef = 653B8C7D2AD18AE2008DD800 /* URLSession+dataTask.swift */; };
		653B8C832AD18AE2008DD800 /* Dictionary+Extensions.swift in Sources */ = {isa = PBXBuildFile; fileRef = 653B8C7E2AD18AE2008DD800 /* Dictionary+Extensions.swift */; };
		653B8C862AD18B08008DD800 /* SwiftyBeaver in Frameworks */ = {isa = PBXBuildFile; productRef = 653B8C852AD18B08008DD800 /* SwiftyBeaver */; };
		653B8C8B2AD18B5B008DD800 /* DispatchQueueFactory.swift in Sources */ = {isa = PBXBuildFile; fileRef = 653B8C872AD18B5B008DD800 /* DispatchQueueFactory.swift */; };
		653B8C8C2AD18B5B008DD800 /* Application.swift in Sources */ = {isa = PBXBuildFile; fileRef = 653B8C882AD18B5B008DD800 /* Application.swift */; };
		653B8C8D2AD18B5B008DD800 /* Storage.swift in Sources */ = {isa = PBXBuildFile; fileRef = 653B8C892AD18B5B008DD800 /* Storage.swift */; };
		653B8C8E2AD18B5B008DD800 /* Constants.swift in Sources */ = {isa = PBXBuildFile; fileRef = 653B8C8A2AD18B5B008DD800 /* Constants.swift */; };
		653B8C922AD18EEA008DD800 /* FacebookAEM in Frameworks */ = {isa = PBXBuildFile; productRef = 653B8C912AD18EEA008DD800 /* FacebookAEM */; };
		653B8C942AD18EEA008DD800 /* FacebookBasics in Frameworks */ = {isa = PBXBuildFile; productRef = 653B8C932AD18EEA008DD800 /* FacebookBasics */; };
		653B8C962AD18EEA008DD800 /* FacebookCore in Frameworks */ = {isa = PBXBuildFile; productRef = 653B8C952AD18EEA008DD800 /* FacebookCore */; };
		653B8C982AD18EEA008DD800 /* FacebookLogin in Frameworks */ = {isa = PBXBuildFile; productRef = 653B8C972AD18EEA008DD800 /* FacebookLogin */; };
		653B8CA12AD1C2E1008DD800 /* RootView.swift in Sources */ = {isa = PBXBuildFile; fileRef = 653B8C9F2AD1C2E1008DD800 /* RootView.swift */; };
		653B8CA22AD1C2E1008DD800 /* RootViewModel.swift in Sources */ = {isa = PBXBuildFile; fileRef = 653B8CA02AD1C2E1008DD800 /* RootViewModel.swift */; };
		653B8CA42AD1C47E008DD800 /* SessionManager.swift in Sources */ = {isa = PBXBuildFile; fileRef = 653B8CA32AD1C47E008DD800 /* SessionManager.swift */; };
		653B8CA72AD1D0CF008DD800 /* User.swift in Sources */ = {isa = PBXBuildFile; fileRef = 653B8CA62AD1D0CF008DD800 /* User.swift */; };
		653B8CAB2AD1D92D008DD800 /* LoginView.swift in Sources */ = {isa = PBXBuildFile; fileRef = 653B8CA92AD1D92D008DD800 /* LoginView.swift */; };
		653B8CAC2AD1D92D008DD800 /* LoginViewModel.swift in Sources */ = {isa = PBXBuildFile; fileRef = 653B8CAA2AD1D92D008DD800 /* LoginViewModel.swift */; };
		653B8CB02AD21829008DD800 /* HomeView.swift in Sources */ = {isa = PBXBuildFile; fileRef = 653B8CAE2AD21829008DD800 /* HomeView.swift */; };
		653B8CB12AD21829008DD800 /* HomeViewModel.swift in Sources */ = {isa = PBXBuildFile; fileRef = 653B8CAF2AD21829008DD800 /* HomeViewModel.swift */; };
		654E113D2AD2CA7D0024008C /* FacebookError.swift in Sources */ = {isa = PBXBuildFile; fileRef = 654E113C2AD2CA7D0024008C /* FacebookError.swift */; };
		6558EF892ADC13E2006BB582 /* GoogleService-Info.plist in Resources */ = {isa = PBXBuildFile; fileRef = 6558EF882ADC13E2006BB582 /* GoogleService-Info.plist */; };
		6558EF8C2ADC14BC006BB582 /* FirebaseAnalyticsWithoutAdIdSupport in Frameworks */ = {isa = PBXBuildFile; productRef = 6558EF8B2ADC14BC006BB582 /* FirebaseAnalyticsWithoutAdIdSupport */; };
		6558EF8E2ADC14BC006BB582 /* FirebaseDatabase in Frameworks */ = {isa = PBXBuildFile; productRef = 6558EF8D2ADC14BC006BB582 /* FirebaseDatabase */; };
		6558EF902ADC14BC006BB582 /* FirebaseDatabaseSwift in Frameworks */ = {isa = PBXBuildFile; productRef = 6558EF8F2ADC14BC006BB582 /* FirebaseDatabaseSwift */; };
		6558EF922ADC1B11006BB582 /* Database.swift in Sources */ = {isa = PBXBuildFile; fileRef = 6558EF912ADC1B11006BB582 /* Database.swift */; };
		6558EF942ADC25B3006BB582 /* LoginRepository.swift in Sources */ = {isa = PBXBuildFile; fileRef = 6558EF932ADC25B3006BB582 /* LoginRepository.swift */; };
		6558EF962ADC2C7D006BB582 /* UserData.swift in Sources */ = {isa = PBXBuildFile; fileRef = 6558EF952ADC2C7D006BB582 /* UserData.swift */; };
		656FB3C32ADC719A00112E5F /* HomeRepository.swift in Sources */ = {isa = PBXBuildFile; fileRef = 656FB3C22ADC719A00112E5F /* HomeRepository.swift */; };
/* End PBXBuildFile section */

/* Begin PBXFileReference section */
		653B8C342AD1875F008DD800 /* DRUMRE LAB1.app */ = {isa = PBXFileReference; explicitFileType = wrapper.application; includeInIndex = 0; path = "DRUMRE LAB1.app"; sourceTree = BUILT_PRODUCTS_DIR; };
		653B8C372AD1875F008DD800 /* DRUMRE_LAB1App.swift */ = {isa = PBXFileReference; lastKnownFileType = sourcecode.swift; path = DRUMRE_LAB1App.swift; sourceTree = "<group>"; };
		653B8C3B2AD18760008DD800 /* Assets.xcassets */ = {isa = PBXFileReference; lastKnownFileType = folder.assetcatalog; path = Assets.xcassets; sourceTree = "<group>"; };
		653B8C3E2AD18760008DD800 /* Preview Assets.xcassets */ = {isa = PBXFileReference; lastKnownFileType = folder.assetcatalog; path = "Preview Assets.xcassets"; sourceTree = "<group>"; };
		653B8C4A2AD18A67008DD800 /* APIError.swift */ = {isa = PBXFileReference; fileEncoding = 4; lastKnownFileType = sourcecode.swift; path = APIError.swift; sourceTree = "<group>"; };
		653B8C4C2AD18A67008DD800 /* Authorizable.swift */ = {isa = PBXFileReference; fileEncoding = 4; lastKnownFileType = sourcecode.swift; path = Authorizable.swift; sourceTree = "<group>"; };
		653B8C4D2AD18A67008DD800 /* Endpoint.swift */ = {isa = PBXFileReference; fileEncoding = 4; lastKnownFileType = sourcecode.swift; path = Endpoint.swift; sourceTree = "<group>"; };
		653B8C4F2AD18A67008DD800 /* MockApiResponse.swift */ = {isa = PBXFileReference; fileEncoding = 4; lastKnownFileType = sourcecode.swift; path = MockApiResponse.swift; sourceTree = "<group>"; };
		653B8C502AD18A67008DD800 /* ApiResponse.swift */ = {isa = PBXFileReference; fileEncoding = 4; lastKnownFileType = sourcecode.swift; path = ApiResponse.swift; sourceTree = "<group>"; };
		653B8C512AD18A67008DD800 /* NetworkProvider.swift */ = {isa = PBXFileReference; fileEncoding = 4; lastKnownFileType = sourcecode.swift; path = NetworkProvider.swift; sourceTree = "<group>"; };
		653B8C522AD18A67008DD800 /* RequestMethod.swift */ = {isa = PBXFileReference; fileEncoding = 4; lastKnownFileType = sourcecode.swift; path = RequestMethod.swift; sourceTree = "<group>"; };
		653B8C5B2AD18A7F008DD800 /* Logger.swift */ = {isa = PBXFileReference; fileEncoding = 4; lastKnownFileType = sourcecode.swift; path = Logger.swift; sourceTree = "<group>"; };
		653B8C5C2AD18A7F008DD800 /* LocalStorage.swift */ = {isa = PBXFileReference; fileEncoding = 4; lastKnownFileType = sourcecode.swift; path = LocalStorage.swift; sourceTree = "<group>"; };
		653B8C5D2AD18A7F008DD800 /* Router.swift */ = {isa = PBXFileReference; fileEncoding = 4; lastKnownFileType = sourcecode.swift; path = Router.swift; sourceTree = "<group>"; };
		653B8C792AD18AE2008DD800 /* Publisher+Utility.swift */ = {isa = PBXFileReference; fileEncoding = 4; lastKnownFileType = sourcecode.swift; path = "Publisher+Utility.swift"; sourceTree = "<group>"; };
		653B8C7B2AD18AE2008DD800 /* Thread+debug.swift */ = {isa = PBXFileReference; fileEncoding = 4; lastKnownFileType = sourcecode.swift; path = "Thread+debug.swift"; sourceTree = "<group>"; };
		653B8C7C2AD18AE2008DD800 /* Int+Extensions.swift */ = {isa = PBXFileReference; fileEncoding = 4; lastKnownFileType = sourcecode.swift; path = "Int+Extensions.swift"; sourceTree = "<group>"; };
		653B8C7D2AD18AE2008DD800 /* URLSession+dataTask.swift */ = {isa = PBXFileReference; fileEncoding = 4; lastKnownFileType = sourcecode.swift; path = "URLSession+dataTask.swift"; sourceTree = "<group>"; };
		653B8C7E2AD18AE2008DD800 /* Dictionary+Extensions.swift */ = {isa = PBXFileReference; fileEncoding = 4; lastKnownFileType = sourcecode.swift; path = "Dictionary+Extensions.swift"; sourceTree = "<group>"; };
		653B8C872AD18B5B008DD800 /* DispatchQueueFactory.swift */ = {isa = PBXFileReference; fileEncoding = 4; lastKnownFileType = sourcecode.swift; path = DispatchQueueFactory.swift; sourceTree = "<group>"; };
		653B8C882AD18B5B008DD800 /* Application.swift */ = {isa = PBXFileReference; fileEncoding = 4; lastKnownFileType = sourcecode.swift; path = Application.swift; sourceTree = "<group>"; };
		653B8C892AD18B5B008DD800 /* Storage.swift */ = {isa = PBXFileReference; fileEncoding = 4; lastKnownFileType = sourcecode.swift; path = Storage.swift; sourceTree = "<group>"; };
		653B8C8A2AD18B5B008DD800 /* Constants.swift */ = {isa = PBXFileReference; fileEncoding = 4; lastKnownFileType = sourcecode.swift; path = Constants.swift; sourceTree = "<group>"; };
		653B8C992AD190A4008DD800 /* DRUMRE-LAB1-Info.plist */ = {isa = PBXFileReference; lastKnownFileType = text.plist; path = "DRUMRE-LAB1-Info.plist"; sourceTree = SOURCE_ROOT; };
		653B8C9F2AD1C2E1008DD800 /* RootView.swift */ = {isa = PBXFileReference; lastKnownFileType = sourcecode.swift; path = RootView.swift; sourceTree = "<group>"; };
		653B8CA02AD1C2E1008DD800 /* RootViewModel.swift */ = {isa = PBXFileReference; lastKnownFileType = sourcecode.swift; path = RootViewModel.swift; sourceTree = "<group>"; };
		653B8CA32AD1C47E008DD800 /* SessionManager.swift */ = {isa = PBXFileReference; lastKnownFileType = sourcecode.swift; path = SessionManager.swift; sourceTree = "<group>"; };
		653B8CA62AD1D0CF008DD800 /* User.swift */ = {isa = PBXFileReference; lastKnownFileType = sourcecode.swift; path = User.swift; sourceTree = "<group>"; };
		653B8CA92AD1D92D008DD800 /* LoginView.swift */ = {isa = PBXFileReference; lastKnownFileType = sourcecode.swift; path = LoginView.swift; sourceTree = "<group>"; };
		653B8CAA2AD1D92D008DD800 /* LoginViewModel.swift */ = {isa = PBXFileReference; lastKnownFileType = sourcecode.swift; path = LoginViewModel.swift; sourceTree = "<group>"; };
		653B8CAE2AD21829008DD800 /* HomeView.swift */ = {isa = PBXFileReference; lastKnownFileType = sourcecode.swift; path = HomeView.swift; sourceTree = "<group>"; };
		653B8CAF2AD21829008DD800 /* HomeViewModel.swift */ = {isa = PBXFileReference; lastKnownFileType = sourcecode.swift; path = HomeViewModel.swift; sourceTree = "<group>"; };
		654E113C2AD2CA7D0024008C /* FacebookError.swift */ = {isa = PBXFileReference; lastKnownFileType = sourcecode.swift; path = FacebookError.swift; sourceTree = "<group>"; };
		6558EF882ADC13E2006BB582 /* GoogleService-Info.plist */ = {isa = PBXFileReference; fileEncoding = 4; lastKnownFileType = text.plist.xml; path = "GoogleService-Info.plist"; sourceTree = "<group>"; };
		6558EF912ADC1B11006BB582 /* Database.swift */ = {isa = PBXFileReference; lastKnownFileType = sourcecode.swift; path = Database.swift; sourceTree = "<group>"; };
		6558EF932ADC25B3006BB582 /* LoginRepository.swift */ = {isa = PBXFileReference; lastKnownFileType = sourcecode.swift; path = LoginRepository.swift; sourceTree = "<group>"; };
		6558EF952ADC2C7D006BB582 /* UserData.swift */ = {isa = PBXFileReference; lastKnownFileType = sourcecode.swift; path = UserData.swift; sourceTree = "<group>"; };
		656FB3C22ADC719A00112E5F /* HomeRepository.swift */ = {isa = PBXFileReference; lastKnownFileType = sourcecode.swift; path = HomeRepository.swift; sourceTree = "<group>"; };
/* End PBXFileReference section */

/* Begin PBXFrameworksBuildPhase section */
		653B8C312AD1875F008DD800 /* Frameworks */ = {
			isa = PBXFrameworksBuildPhase;
			buildActionMask = 2147483647;
			files = (
				6558EF902ADC14BC006BB582 /* FirebaseDatabaseSwift in Frameworks */,
				653B8C982AD18EEA008DD800 /* FacebookLogin in Frameworks */,
				6558EF8C2ADC14BC006BB582 /* FirebaseAnalyticsWithoutAdIdSupport in Frameworks */,
				653B8C942AD18EEA008DD800 /* FacebookBasics in Frameworks */,
				653B8C922AD18EEA008DD800 /* FacebookAEM in Frameworks */,
				653B8C862AD18B08008DD800 /* SwiftyBeaver in Frameworks */,
				6558EF8E2ADC14BC006BB582 /* FirebaseDatabase in Frameworks */,
				653B8C962AD18EEA008DD800 /* FacebookCore in Frameworks */,
			);
			runOnlyForDeploymentPostprocessing = 0;
		};
/* End PBXFrameworksBuildPhase section */

/* Begin PBXGroup section */
		653B8C2B2AD1875F008DD800 = {
			isa = PBXGroup;
			children = (
				653B8C362AD1875F008DD800 /* DRUMRE LAB1 */,
				653B8C352AD1875F008DD800 /* Products */,
			);
			sourceTree = "<group>";
		};
		653B8C352AD1875F008DD800 /* Products */ = {
			isa = PBXGroup;
			children = (
				653B8C342AD1875F008DD800 /* DRUMRE LAB1.app */,
			);
			name = Products;
			sourceTree = "<group>";
		};
		653B8C362AD1875F008DD800 /* DRUMRE LAB1 */ = {
			isa = PBXGroup;
			children = (
				653B8C992AD190A4008DD800 /* DRUMRE-LAB1-Info.plist */,
				6558EF882ADC13E2006BB582 /* GoogleService-Info.plist */,
				653B8C3D2AD18760008DD800 /* Preview Content */,
				653B8C8F2AD18B62008DD800 /* Utils */,
				653B8C452AD18841008DD800 /* Resources */,
				653B8C772AD18AE2008DD800 /* Extensions */,
				653B8C492AD18A67008DD800 /* Network */,
				653B8C5A2AD18A7F008DD800 /* Services */,
				653B8CA52AD1D0C6008DD800 /* Models */,
				653B8C462AD18846008DD800 /* Modules */,
			);
			path = "DRUMRE LAB1";
			sourceTree = "<group>";
		};
		653B8C3D2AD18760008DD800 /* Preview Content */ = {
			isa = PBXGroup;
			children = (
				653B8C3E2AD18760008DD800 /* Preview Assets.xcassets */,
			);
			path = "Preview Content";
			sourceTree = "<group>";
		};
		653B8C452AD18841008DD800 /* Resources */ = {
			isa = PBXGroup;
			children = (
				653B8C3B2AD18760008DD800 /* Assets.xcassets */,
			);
			path = Resources;
			sourceTree = "<group>";
		};
		653B8C462AD18846008DD800 /* Modules */ = {
			isa = PBXGroup;
			children = (
				653B8C372AD1875F008DD800 /* DRUMRE_LAB1App.swift */,
				653B8C9C2AD1C2AB008DD800 /* Root */,
				653B8CA82AD1D91F008DD800 /* Login */,
				653B8CAD2AD2181C008DD800 /* Home */,
			);
			path = Modules;
			sourceTree = "<group>";
		};
		653B8C492AD18A67008DD800 /* Network */ = {
			isa = PBXGroup;
			children = (
				653B8C4A2AD18A67008DD800 /* APIError.swift */,
				653B8C4B2AD18A67008DD800 /* Endpoints */,
				653B8C4E2AD18A67008DD800 /* Response */,
				653B8C512AD18A67008DD800 /* NetworkProvider.swift */,
				653B8C522AD18A67008DD800 /* RequestMethod.swift */,
			);
			path = Network;
			sourceTree = "<group>";
		};
		653B8C4B2AD18A67008DD800 /* Endpoints */ = {
			isa = PBXGroup;
			children = (
				653B8C4C2AD18A67008DD800 /* Authorizable.swift */,
				653B8C4D2AD18A67008DD800 /* Endpoint.swift */,
			);
			path = Endpoints;
			sourceTree = "<group>";
		};
		653B8C4E2AD18A67008DD800 /* Response */ = {
			isa = PBXGroup;
			children = (
				653B8C4F2AD18A67008DD800 /* MockApiResponse.swift */,
				653B8C502AD18A67008DD800 /* ApiResponse.swift */,
			);
			path = Response;
			sourceTree = "<group>";
		};
		653B8C5A2AD18A7F008DD800 /* Services */ = {
			isa = PBXGroup;
			children = (
				653B8C5D2AD18A7F008DD800 /* Router.swift */,
				653B8C5B2AD18A7F008DD800 /* Logger.swift */,
				653B8C5C2AD18A7F008DD800 /* LocalStorage.swift */,
				653B8CA32AD1C47E008DD800 /* SessionManager.swift */,
				6558EF912ADC1B11006BB582 /* Database.swift */,
			);
			path = Services;
			sourceTree = "<group>";
		};
		653B8C772AD18AE2008DD800 /* Extensions */ = {
			isa = PBXGroup;
			children = (
				653B8C782AD18AE2008DD800 /* Combine */,
				653B8C7A2AD18AE2008DD800 /* Foundation */,
			);
			path = Extensions;
			sourceTree = "<group>";
		};
		653B8C782AD18AE2008DD800 /* Combine */ = {
			isa = PBXGroup;
			children = (
				653B8C792AD18AE2008DD800 /* Publisher+Utility.swift */,
			);
			path = Combine;
			sourceTree = "<group>";
		};
		653B8C7A2AD18AE2008DD800 /* Foundation */ = {
			isa = PBXGroup;
			children = (
				653B8C7B2AD18AE2008DD800 /* Thread+debug.swift */,
				653B8C7C2AD18AE2008DD800 /* Int+Extensions.swift */,
				653B8C7D2AD18AE2008DD800 /* URLSession+dataTask.swift */,
				653B8C7E2AD18AE2008DD800 /* Dictionary+Extensions.swift */,
			);
			path = Foundation;
			sourceTree = "<group>";
		};
		653B8C8F2AD18B62008DD800 /* Utils */ = {
			isa = PBXGroup;
			children = (
				653B8C882AD18B5B008DD800 /* Application.swift */,
				653B8C8A2AD18B5B008DD800 /* Constants.swift */,
				653B8C872AD18B5B008DD800 /* DispatchQueueFactory.swift */,
				653B8C892AD18B5B008DD800 /* Storage.swift */,
			);
			path = Utils;
			sourceTree = "<group>";
		};
		653B8C9C2AD1C2AB008DD800 /* Root */ = {
			isa = PBXGroup;
			children = (
				653B8C9F2AD1C2E1008DD800 /* RootView.swift */,
				653B8CA02AD1C2E1008DD800 /* RootViewModel.swift */,
			);
			path = Root;
			sourceTree = "<group>";
		};
		653B8CA52AD1D0C6008DD800 /* Models */ = {
			isa = PBXGroup;
			children = (
				653B8CA62AD1D0CF008DD800 /* User.swift */,
				6558EF952ADC2C7D006BB582 /* UserData.swift */,
				654E113C2AD2CA7D0024008C /* FacebookError.swift */,
			);
			path = Models;
			sourceTree = "<group>";
		};
		653B8CA82AD1D91F008DD800 /* Login */ = {
			isa = PBXGroup;
			children = (
				653B8CA92AD1D92D008DD800 /* LoginView.swift */,
				653B8CAA2AD1D92D008DD800 /* LoginViewModel.swift */,
				6558EF932ADC25B3006BB582 /* LoginRepository.swift */,
			);
			path = Login;
			sourceTree = "<group>";
		};
		653B8CAD2AD2181C008DD800 /* Home */ = {
			isa = PBXGroup;
			children = (
				653B8CAE2AD21829008DD800 /* HomeView.swift */,
				653B8CAF2AD21829008DD800 /* HomeViewModel.swift */,
				656FB3C22ADC719A00112E5F /* HomeRepository.swift */,
			);
			path = Home;
			sourceTree = "<group>";
		};
/* End PBXGroup section */

/* Begin PBXNativeTarget section */
		653B8C332AD1875F008DD800 /* DRUMRE LAB1 */ = {
			isa = PBXNativeTarget;
			buildConfigurationList = 653B8C422AD18760008DD800 /* Build configuration list for PBXNativeTarget "DRUMRE LAB1" */;
			buildPhases = (
				653B8C302AD1875F008DD800 /* Sources */,
				653B8C312AD1875F008DD800 /* Frameworks */,
				653B8C322AD1875F008DD800 /* Resources */,
			);
			buildRules = (
			);
			dependencies = (
			);
			name = "DRUMRE LAB1";
			packageProductDependencies = (
				653B8C852AD18B08008DD800 /* SwiftyBeaver */,
				653B8C912AD18EEA008DD800 /* FacebookAEM */,
				653B8C932AD18EEA008DD800 /* FacebookBasics */,
				653B8C952AD18EEA008DD800 /* FacebookCore */,
				653B8C972AD18EEA008DD800 /* FacebookLogin */,
				6558EF8B2ADC14BC006BB582 /* FirebaseAnalyticsWithoutAdIdSupport */,
				6558EF8D2ADC14BC006BB582 /* FirebaseDatabase */,
				6558EF8F2ADC14BC006BB582 /* FirebaseDatabaseSwift */,
			);
			productName = "DRUMRE LAB1";
			productReference = 653B8C342AD1875F008DD800 /* DRUMRE LAB1.app */;
			productType = "com.apple.product-type.application";
		};
/* End PBXNativeTarget section */

/* Begin PBXProject section */
		653B8C2C2AD1875F008DD800 /* Project object */ = {
			isa = PBXProject;
			attributes = {
				BuildIndependentTargetsInParallel = 1;
				LastSwiftUpdateCheck = 1500;
				LastUpgradeCheck = 1500;
				TargetAttributes = {
					653B8C332AD1875F008DD800 = {
						CreatedOnToolsVersion = 15.0;
					};
				};
			};
			buildConfigurationList = 653B8C2F2AD1875F008DD800 /* Build configuration list for PBXProject "DRUMRE LAB1" */;
			compatibilityVersion = "Xcode 14.0";
			developmentRegion = en;
			hasScannedForEncodings = 0;
			knownRegions = (
				en,
				Base,
			);
			mainGroup = 653B8C2B2AD1875F008DD800;
			packageReferences = (
				653B8C842AD18B08008DD800 /* XCRemoteSwiftPackageReference "SwiftyBeaver" */,
				653B8C902AD18EEA008DD800 /* XCRemoteSwiftPackageReference "facebook-ios-sdk" */,
				6558EF8A2ADC14BC006BB582 /* XCRemoteSwiftPackageReference "firebase-ios-sdk" */,
			);
			productRefGroup = 653B8C352AD1875F008DD800 /* Products */;
			projectDirPath = "";
			projectRoot = "";
			targets = (
				653B8C332AD1875F008DD800 /* DRUMRE LAB1 */,
			);
		};
/* End PBXProject section */

/* Begin PBXResourcesBuildPhase section */
		653B8C322AD1875F008DD800 /* Resources */ = {
			isa = PBXResourcesBuildPhase;
			buildActionMask = 2147483647;
			files = (
				653B8C3F2AD18760008DD800 /* Preview Assets.xcassets in Resources */,
				653B8C3C2AD18760008DD800 /* Assets.xcassets in Resources */,
				6558EF892ADC13E2006BB582 /* GoogleService-Info.plist in Resources */,
			);
			runOnlyForDeploymentPostprocessing = 0;
		};
/* End PBXResourcesBuildPhase section */

/* Begin PBXSourcesBuildPhase section */
		653B8C302AD1875F008DD800 /* Sources */ = {
			isa = PBXSourcesBuildPhase;
			buildActionMask = 2147483647;
			files = (
				6558EF942ADC25B3006BB582 /* LoginRepository.swift in Sources */,
				653B8CB02AD21829008DD800 /* HomeView.swift in Sources */,
				6558EF962ADC2C7D006BB582 /* UserData.swift in Sources */,
				653B8C6B2AD18A7F008DD800 /* LocalStorage.swift in Sources */,
				653B8CA42AD1C47E008DD800 /* SessionManager.swift in Sources */,
				653B8C8C2AD18B5B008DD800 /* Application.swift in Sources */,
				653B8C382AD1875F008DD800 /* DRUMRE_LAB1App.swift in Sources */,
				653B8C812AD18AE2008DD800 /* Int+Extensions.swift in Sources */,
				653B8C822AD18AE2008DD800 /* URLSession+dataTask.swift in Sources */,
				653B8C532AD18A67008DD800 /* APIError.swift in Sources */,
				656FB3C32ADC719A00112E5F /* HomeRepository.swift in Sources */,
				653B8C6C2AD18A7F008DD800 /* Router.swift in Sources */,
				653B8CAC2AD1D92D008DD800 /* LoginViewModel.swift in Sources */,
				653B8C832AD18AE2008DD800 /* Dictionary+Extensions.swift in Sources */,
				653B8CA22AD1C2E1008DD800 /* RootViewModel.swift in Sources */,
				653B8C802AD18AE2008DD800 /* Thread+debug.swift in Sources */,
				653B8C572AD18A67008DD800 /* ApiResponse.swift in Sources */,
				653B8C562AD18A67008DD800 /* MockApiResponse.swift in Sources */,
				653B8CAB2AD1D92D008DD800 /* LoginView.swift in Sources */,
				653B8CA12AD1C2E1008DD800 /* RootView.swift in Sources */,
				653B8C8D2AD18B5B008DD800 /* Storage.swift in Sources */,
				6558EF922ADC1B11006BB582 /* Database.swift in Sources */,
				653B8C6A2AD18A7F008DD800 /* Logger.swift in Sources */,
				653B8C582AD18A67008DD800 /* NetworkProvider.swift in Sources */,
				653B8C542AD18A67008DD800 /* Authorizable.swift in Sources */,
				653B8C8B2AD18B5B008DD800 /* DispatchQueueFactory.swift in Sources */,
				653B8C592AD18A67008DD800 /* RequestMethod.swift in Sources */,
				653B8CB12AD21829008DD800 /* HomeViewModel.swift in Sources */,
				653B8CA72AD1D0CF008DD800 /* User.swift in Sources */,
				653B8C552AD18A67008DD800 /* Endpoint.swift in Sources */,
				653B8C7F2AD18AE2008DD800 /* Publisher+Utility.swift in Sources */,
				653B8C8E2AD18B5B008DD800 /* Constants.swift in Sources */,
				654E113D2AD2CA7D0024008C /* FacebookError.swift in Sources */,
			);
			runOnlyForDeploymentPostprocessing = 0;
		};
/* End PBXSourcesBuildPhase section */

/* Begin XCBuildConfiguration section */
		653B8C402AD18760008DD800 /* Debug */ = {
			isa = XCBuildConfiguration;
			buildSettings = {
				ALWAYS_SEARCH_USER_PATHS = NO;
				ASSETCATALOG_COMPILER_GENERATE_SWIFT_ASSET_SYMBOL_EXTENSIONS = YES;
				CLANG_ANALYZER_NONNULL = YES;
				CLANG_ANALYZER_NUMBER_OBJECT_CONVERSION = YES_AGGRESSIVE;
				CLANG_CXX_LANGUAGE_STANDARD = "gnu++20";
				CLANG_ENABLE_MODULES = YES;
				CLANG_ENABLE_OBJC_ARC = YES;
				CLANG_ENABLE_OBJC_WEAK = YES;
				CLANG_WARN_BLOCK_CAPTURE_AUTORELEASING = YES;
				CLANG_WARN_BOOL_CONVERSION = YES;
				CLANG_WARN_COMMA = YES;
				CLANG_WARN_CONSTANT_CONVERSION = YES;
				CLANG_WARN_DEPRECATED_OBJC_IMPLEMENTATIONS = YES;
				CLANG_WARN_DIRECT_OBJC_ISA_USAGE = YES_ERROR;
				CLANG_WARN_DOCUMENTATION_COMMENTS = YES;
				CLANG_WARN_EMPTY_BODY = YES;
				CLANG_WARN_ENUM_CONVERSION = YES;
				CLANG_WARN_INFINITE_RECURSION = YES;
				CLANG_WARN_INT_CONVERSION = YES;
				CLANG_WARN_NON_LITERAL_NULL_CONVERSION = YES;
				CLANG_WARN_OBJC_IMPLICIT_RETAIN_SELF = YES;
				CLANG_WARN_OBJC_LITERAL_CONVERSION = YES;
				CLANG_WARN_OBJC_ROOT_CLASS = YES_ERROR;
				CLANG_WARN_QUOTED_INCLUDE_IN_FRAMEWORK_HEADER = YES;
				CLANG_WARN_RANGE_LOOP_ANALYSIS = YES;
				CLANG_WARN_STRICT_PROTOTYPES = YES;
				CLANG_WARN_SUSPICIOUS_MOVE = YES;
				CLANG_WARN_UNGUARDED_AVAILABILITY = YES_AGGRESSIVE;
				CLANG_WARN_UNREACHABLE_CODE = YES;
				CLANG_WARN__DUPLICATE_METHOD_MATCH = YES;
				COPY_PHASE_STRIP = NO;
				DEBUG_INFORMATION_FORMAT = dwarf;
				ENABLE_STRICT_OBJC_MSGSEND = YES;
				ENABLE_TESTABILITY = YES;
				ENABLE_USER_SCRIPT_SANDBOXING = YES;
				GCC_C_LANGUAGE_STANDARD = gnu17;
				GCC_DYNAMIC_NO_PIC = NO;
				GCC_NO_COMMON_BLOCKS = YES;
				GCC_OPTIMIZATION_LEVEL = 0;
				GCC_PREPROCESSOR_DEFINITIONS = (
					"DEBUG=1",
					"$(inherited)",
				);
				GCC_WARN_64_TO_32_BIT_CONVERSION = YES;
				GCC_WARN_ABOUT_RETURN_TYPE = YES_ERROR;
				GCC_WARN_UNDECLARED_SELECTOR = YES;
				GCC_WARN_UNINITIALIZED_AUTOS = YES_AGGRESSIVE;
				GCC_WARN_UNUSED_FUNCTION = YES;
				GCC_WARN_UNUSED_VARIABLE = YES;
				IPHONEOS_DEPLOYMENT_TARGET = 17.0;
				LOCALIZATION_PREFERS_STRING_CATALOGS = YES;
				MTL_ENABLE_DEBUG_INFO = INCLUDE_SOURCE;
				MTL_FAST_MATH = YES;
				ONLY_ACTIVE_ARCH = YES;
				SDKROOT = iphoneos;
				SWIFT_ACTIVE_COMPILATION_CONDITIONS = "DEBUG $(inherited)";
				SWIFT_OPTIMIZATION_LEVEL = "-Onone";
			};
			name = Debug;
		};
		653B8C412AD18760008DD800 /* Release */ = {
			isa = XCBuildConfiguration;
			buildSettings = {
				ALWAYS_SEARCH_USER_PATHS = NO;
				ASSETCATALOG_COMPILER_GENERATE_SWIFT_ASSET_SYMBOL_EXTENSIONS = YES;
				CLANG_ANALYZER_NONNULL = YES;
				CLANG_ANALYZER_NUMBER_OBJECT_CONVERSION = YES_AGGRESSIVE;
				CLANG_CXX_LANGUAGE_STANDARD = "gnu++20";
				CLANG_ENABLE_MODULES = YES;
				CLANG_ENABLE_OBJC_ARC = YES;
				CLANG_ENABLE_OBJC_WEAK = YES;
				CLANG_WARN_BLOCK_CAPTURE_AUTORELEASING = YES;
				CLANG_WARN_BOOL_CONVERSION = YES;
				CLANG_WARN_COMMA = YES;
				CLANG_WARN_CONSTANT_CONVERSION = YES;
				CLANG_WARN_DEPRECATED_OBJC_IMPLEMENTATIONS = YES;
				CLANG_WARN_DIRECT_OBJC_ISA_USAGE = YES_ERROR;
				CLANG_WARN_DOCUMENTATION_COMMENTS = YES;
				CLANG_WARN_EMPTY_BODY = YES;
				CLANG_WARN_ENUM_CONVERSION = YES;
				CLANG_WARN_INFINITE_RECURSION = YES;
				CLANG_WARN_INT_CONVERSION = YES;
				CLANG_WARN_NON_LITERAL_NULL_CONVERSION = YES;
				CLANG_WARN_OBJC_IMPLICIT_RETAIN_SELF = YES;
				CLANG_WARN_OBJC_LITERAL_CONVERSION = YES;
				CLANG_WARN_OBJC_ROOT_CLASS = YES_ERROR;
				CLANG_WARN_QUOTED_INCLUDE_IN_FRAMEWORK_HEADER = YES;
				CLANG_WARN_RANGE_LOOP_ANALYSIS = YES;
				CLANG_WARN_STRICT_PROTOTYPES = YES;
				CLANG_WARN_SUSPICIOUS_MOVE = YES;
				CLANG_WARN_UNGUARDED_AVAILABILITY = YES_AGGRESSIVE;
				CLANG_WARN_UNREACHABLE_CODE = YES;
				CLANG_WARN__DUPLICATE_METHOD_MATCH = YES;
				COPY_PHASE_STRIP = NO;
				DEBUG_INFORMATION_FORMAT = "dwarf-with-dsym";
				ENABLE_NS_ASSERTIONS = NO;
				ENABLE_STRICT_OBJC_MSGSEND = YES;
				ENABLE_USER_SCRIPT_SANDBOXING = YES;
				GCC_C_LANGUAGE_STANDARD = gnu17;
				GCC_NO_COMMON_BLOCKS = YES;
				GCC_WARN_64_TO_32_BIT_CONVERSION = YES;
				GCC_WARN_ABOUT_RETURN_TYPE = YES_ERROR;
				GCC_WARN_UNDECLARED_SELECTOR = YES;
				GCC_WARN_UNINITIALIZED_AUTOS = YES_AGGRESSIVE;
				GCC_WARN_UNUSED_FUNCTION = YES;
				GCC_WARN_UNUSED_VARIABLE = YES;
				IPHONEOS_DEPLOYMENT_TARGET = 17.0;
				LOCALIZATION_PREFERS_STRING_CATALOGS = YES;
				MTL_ENABLE_DEBUG_INFO = NO;
				MTL_FAST_MATH = YES;
				SDKROOT = iphoneos;
				SWIFT_COMPILATION_MODE = wholemodule;
				VALIDATE_PRODUCT = YES;
			};
			name = Release;
		};
		653B8C432AD18760008DD800 /* Debug */ = {
			isa = XCBuildConfiguration;
			buildSettings = {
				ASSETCATALOG_COMPILER_APPICON_NAME = AppIcon;
				ASSETCATALOG_COMPILER_GLOBAL_ACCENT_COLOR_NAME = AccentColor;
				CODE_SIGN_STYLE = Automatic;
				CURRENT_PROJECT_VERSION = 1;
				DEVELOPMENT_ASSET_PATHS = "\"DRUMRE LAB1/Preview Content\"";
				DEVELOPMENT_TEAM = FH74Y7RF3P;
				ENABLE_PREVIEWS = YES;
				GENERATE_INFOPLIST_FILE = YES;
				INFOPLIST_FILE = "DRUMRE-LAB1-Info.plist";
				INFOPLIST_KEY_UIApplicationSceneManifest_Generation = YES;
				INFOPLIST_KEY_UIApplicationSupportsIndirectInputEvents = YES;
				INFOPLIST_KEY_UILaunchScreen_Generation = YES;
				INFOPLIST_KEY_UISupportedInterfaceOrientations_iPad = "UIInterfaceOrientationPortrait UIInterfaceOrientationPortraitUpsideDown UIInterfaceOrientationLandscapeLeft UIInterfaceOrientationLandscapeRight";
				INFOPLIST_KEY_UISupportedInterfaceOrientations_iPhone = "UIInterfaceOrientationPortrait UIInterfaceOrientationLandscapeLeft UIInterfaceOrientationLandscapeRight";
				LD_RUNPATH_SEARCH_PATHS = (
					"$(inherited)",
					"@executable_path/Frameworks",
				);
				MARKETING_VERSION = 1.0;
				PRODUCT_BUNDLE_IDENTIFIER = "com.andreflego.DRUMRE-LAB1";
				PRODUCT_NAME = "$(TARGET_NAME)";
				SWIFT_EMIT_LOC_STRINGS = YES;
				SWIFT_VERSION = 5.0;
				TARGETED_DEVICE_FAMILY = "1,2";
			};
			name = Debug;
		};
		653B8C442AD18760008DD800 /* Release */ = {
			isa = XCBuildConfiguration;
			buildSettings = {
				ASSETCATALOG_COMPILER_APPICON_NAME = AppIcon;
				ASSETCATALOG_COMPILER_GLOBAL_ACCENT_COLOR_NAME = AccentColor;
				CODE_SIGN_STYLE = Automatic;
				CURRENT_PROJECT_VERSION = 1;
				DEVELOPMENT_ASSET_PATHS = "\"DRUMRE LAB1/Preview Content\"";
				DEVELOPMENT_TEAM = FH74Y7RF3P;
				ENABLE_PREVIEWS = YES;
				GENERATE_INFOPLIST_FILE = YES;
				INFOPLIST_FILE = "DRUMRE-LAB1-Info.plist";
				INFOPLIST_KEY_UIApplicationSceneManifest_Generation = YES;
				INFOPLIST_KEY_UIApplicationSupportsIndirectInputEvents = YES;
				INFOPLIST_KEY_UILaunchScreen_Generation = YES;
				INFOPLIST_KEY_UISupportedInterfaceOrientations_iPad = "UIInterfaceOrientationPortrait UIInterfaceOrientationPortraitUpsideDown UIInterfaceOrientationLandscapeLeft UIInterfaceOrientationLandscapeRight";
				INFOPLIST_KEY_UISupportedInterfaceOrientations_iPhone = "UIInterfaceOrientationPortrait UIInterfaceOrientationLandscapeLeft UIInterfaceOrientationLandscapeRight";
				LD_RUNPATH_SEARCH_PATHS = (
					"$(inherited)",
					"@executable_path/Frameworks",
				);
				MARKETING_VERSION = 1.0;
				PRODUCT_BUNDLE_IDENTIFIER = "com.andreflego.DRUMRE-LAB1";
				PRODUCT_NAME = "$(TARGET_NAME)";
				SWIFT_EMIT_LOC_STRINGS = YES;
				SWIFT_VERSION = 5.0;
				TARGETED_DEVICE_FAMILY = "1,2";
			};
			name = Release;
		};
/* End XCBuildConfiguration section */

/* Begin XCConfigurationList section */
		653B8C2F2AD1875F008DD800 /* Build configuration list for PBXProject "DRUMRE LAB1" */ = {
			isa = XCConfigurationList;
			buildConfigurations = (
				653B8C402AD18760008DD800 /* Debug */,
				653B8C412AD18760008DD800 /* Release */,
			);
			defaultConfigurationIsVisible = 0;
			defaultConfigurationName = Release;
		};
		653B8C422AD18760008DD800 /* Build configuration list for PBXNativeTarget "DRUMRE LAB1" */ = {
			isa = XCConfigurationList;
			buildConfigurations = (
				653B8C432AD18760008DD800 /* Debug */,
				653B8C442AD18760008DD800 /* Release */,
			);
			defaultConfigurationIsVisible = 0;
			defaultConfigurationName = Release;
		};
/* End XCConfigurationList section */

/* Begin XCRemoteSwiftPackageReference section */
		653B8C842AD18B08008DD800 /* XCRemoteSwiftPackageReference "SwiftyBeaver" */ = {
			isa = XCRemoteSwiftPackageReference;
			repositoryURL = "https://github.com/SwiftyBeaver/SwiftyBeaver.git";
			requirement = {
				kind = upToNextMajorVersion;
				minimumVersion = 2.0.0;
			};
		};
		653B8C902AD18EEA008DD800 /* XCRemoteSwiftPackageReference "facebook-ios-sdk" */ = {
			isa = XCRemoteSwiftPackageReference;
			repositoryURL = "https://github.com/facebook/facebook-ios-sdk";
			requirement = {
				kind = upToNextMajorVersion;
				minimumVersion = 14.1.0;
			};
		};
		6558EF8A2ADC14BC006BB582 /* XCRemoteSwiftPackageReference "firebase-ios-sdk" */ = {
			isa = XCRemoteSwiftPackageReference;
			repositoryURL = "https://github.com/firebase/firebase-ios-sdk.git";
			requirement = {
				kind = upToNextMajorVersion;
				minimumVersion = 10.16.0;
			};
		};
/* End XCRemoteSwiftPackageReference section */

/* Begin XCSwiftPackageProductDependency section */
		653B8C852AD18B08008DD800 /* SwiftyBeaver */ = {
			isa = XCSwiftPackageProductDependency;
			package = 653B8C842AD18B08008DD800 /* XCRemoteSwiftPackageReference "SwiftyBeaver" */;
			productName = SwiftyBeaver;
		};
		653B8C912AD18EEA008DD800 /* FacebookAEM */ = {
			isa = XCSwiftPackageProductDependency;
			package = 653B8C902AD18EEA008DD800 /* XCRemoteSwiftPackageReference "facebook-ios-sdk" */;
			productName = FacebookAEM;
		};
		653B8C932AD18EEA008DD800 /* FacebookBasics */ = {
			isa = XCSwiftPackageProductDependency;
			package = 653B8C902AD18EEA008DD800 /* XCRemoteSwiftPackageReference "facebook-ios-sdk" */;
			productName = FacebookBasics;
		};
		653B8C952AD18EEA008DD800 /* FacebookCore */ = {
			isa = XCSwiftPackageProductDependency;
			package = 653B8C902AD18EEA008DD800 /* XCRemoteSwiftPackageReference "facebook-ios-sdk" */;
			productName = FacebookCore;
		};
		653B8C972AD18EEA008DD800 /* FacebookLogin */ = {
			isa = XCSwiftPackageProductDependency;
			package = 653B8C902AD18EEA008DD800 /* XCRemoteSwiftPackageReference "facebook-ios-sdk" */;
			productName = FacebookLogin;
		};
		6558EF8B2ADC14BC006BB582 /* FirebaseAnalyticsWithoutAdIdSupport */ = {
			isa = XCSwiftPackageProductDependency;
			package = 6558EF8A2ADC14BC006BB582 /* XCRemoteSwiftPackageReference "firebase-ios-sdk" */;
			productName = FirebaseAnalyticsWithoutAdIdSupport;
		};
		6558EF8D2ADC14BC006BB582 /* FirebaseDatabase */ = {
			isa = XCSwiftPackageProductDependency;
			package = 6558EF8A2ADC14BC006BB582 /* XCRemoteSwiftPackageReference "firebase-ios-sdk" */;
			productName = FirebaseDatabase;
		};
		6558EF8F2ADC14BC006BB582 /* FirebaseDatabaseSwift */ = {
			isa = XCSwiftPackageProductDependency;
			package = 6558EF8A2ADC14BC006BB582 /* XCRemoteSwiftPackageReference "firebase-ios-sdk" */;
			productName = FirebaseDatabaseSwift;
		};
/* End XCSwiftPackageProductDependency section */
	};
	rootObject = 653B8C2C2AD1875F008DD800 /* Project object */;
}
