// !$*UTF8*$!
{
	archiveVersion = 1;
	classes = {
	};
	objectVersion = 56;
	objects = {

/* Begin PBXBuildFile section */
		653B8C382AD1875F008DD800 /* DRUMRE_LAB1App.swift in Sources */ = {isa = PBXBuildFile; fileRef = 653B8C372AD1875F008DD800 /* DRUMRE_LAB1App.swift */; };
		653B8C3C2AD18760008DD800 /* Assets.xcassets in Resources */ = {isa = PBXBuildFile; fileRef = 653B8C3B2AD18760008DD800 /* Assets.xcassets */; };
		653B8C3F2AD18760008DD800 /* Preview Assets.xcassets in Resources */ = {isa = PBXBuildFile; fileRef = 653B8C3E2AD18760008DD800 /* Preview Assets.xcassets */; };
		653B8C532AD18A67008DD800 /* APIError.swift in Sources */ = {isa = PBXBuildFile; fileRef = 653B8C4A2AD18A67008DD800 /* APIError.swift */; };
		653B8C592AD18A67008DD800 /* RequestMethod.swift in Sources */ = {isa = PBXBuildFile; fileRef = 653B8C522AD18A67008DD800 /* RequestMethod.swift */; };
		653B8C6A2AD18A7F008DD800 /* Logger.swift in Sources */ = {isa = PBXBuildFile; fileRef = 653B8C5B2AD18A7F008DD800 /* Logger.swift */; };
		653B8C6B2AD18A7F008DD800 /* LocalStorage.swift in Sources */ = {isa = PBXBuildFile; fileRef = 653B8C5C2AD18A7F008DD800 /* LocalStorage.swift */; };
		653B8C6C2AD18A7F008DD800 /* Router.swift in Sources */ = {isa = PBXBuildFile; fileRef = 653B8C5D2AD18A7F008DD800 /* Router.swift */; };
		653B8C832AD18AE2008DD800 /* Dictionary+Extensions.swift in Sources */ = {isa = PBXBuildFile; fileRef = 653B8C7E2AD18AE2008DD800 /* Dictionary+Extensions.swift */; };
		653B8C862AD18B08008DD800 /* SwiftyBeaver in Frameworks */ = {isa = PBXBuildFile; productRef = 653B8C852AD18B08008DD800 /* SwiftyBeaver */; };
		653B8C8B2AD18B5B008DD800 /* DispatchQueueFactory.swift in Sources */ = {isa = PBXBuildFile; fileRef = 653B8C872AD18B5B008DD800 /* DispatchQueueFactory.swift */; };
		653B8C8C2AD18B5B008DD800 /* Application.swift in Sources */ = {isa = PBXBuildFile; fileRef = 653B8C882AD18B5B008DD800 /* Application.swift */; };
		653B8C8D2AD18B5B008DD800 /* Storage.swift in Sources */ = {isa = PBXBuildFile; fileRef = 653B8C892AD18B5B008DD800 /* Storage.swift */; };
		653B8C8E2AD18B5B008DD800 /* Constants.swift in Sources */ = {isa = PBXBuildFile; fileRef = 653B8C8A2AD18B5B008DD800 /* Constants.swift */; };
		653B8C922AD18EEA008DD800 /* FacebookAEM in Frameworks */ = {isa = PBXBuildFile; productRef = 653B8C912AD18EEA008DD800 /* FacebookAEM */; };
		653B8C942AD18EEA008DD800 /* FacebookBasics in Frameworks */ = {isa = PBXBuildFile; productRef = 653B8C932AD18EEA008DD800 /* FacebookBasics */; };
		653B8C962AD18EEA008DD800 /* FacebookCore in Frameworks */ = {isa = PBXBuildFile; productRef = 653B8C952AD18EEA008DD800 /* FacebookCore */; };
		653B8C982AD18EEA008DD800 /* FacebookLogin in Frameworks */ = {isa = PBXBuildFile; productRef = 653B8C972AD18EEA008DD800 /* FacebookLogin */; };
		653B8CA12AD1C2E1008DD800 /* RootView.swift in Sources */ = {isa = PBXBuildFile; fileRef = 653B8C9F2AD1C2E1008DD800 /* RootView.swift */; };
		653B8CA22AD1C2E1008DD800 /* RootViewModel.swift in Sources */ = {isa = PBXBuildFile; fileRef = 653B8CA02AD1C2E1008DD800 /* RootViewModel.swift */; };
		653B8CA42AD1C47E008DD800 /* SessionManager.swift in Sources */ = {isa = PBXBuildFile; fileRef = 653B8CA32AD1C47E008DD800 /* SessionManager.swift */; };
		653B8CA72AD1D0CF008DD800 /* User.swift in Sources */ = {isa = PBXBuildFile; fileRef = 653B8CA62AD1D0CF008DD800 /* User.swift */; };
		653B8CAB2AD1D92D008DD800 /* LoginView.swift in Sources */ = {isa = PBXBuildFile; fileRef = 653B8CA92AD1D92D008DD800 /* LoginView.swift */; };
		653B8CAC2AD1D92D008DD800 /* LoginViewModel.swift in Sources */ = {isa = PBXBuildFile; fileRef = 653B8CAA2AD1D92D008DD800 /* LoginViewModel.swift */; };
		653B8CB02AD21829008DD800 /* HomeView.swift in Sources */ = {isa = PBXBuildFile; fileRef = 653B8CAE2AD21829008DD800 /* HomeView.swift */; };
		654E113D2AD2CA7D0024008C /* FacebookError.swift in Sources */ = {isa = PBXBuildFile; fileRef = 654E113C2AD2CA7D0024008C /* FacebookError.swift */; };
		6558EF942ADC25B3006BB582 /* LoginRepository.swift in Sources */ = {isa = PBXBuildFile; fileRef = 6558EF932ADC25B3006BB582 /* LoginRepository.swift */; };
		658107CE2AF696CA00A053A0 /* MoviesView.swift in Sources */ = {isa = PBXBuildFile; fileRef = 658107CC2AF696CA00A053A0 /* MoviesView.swift */; };
		658107CF2AF696CA00A053A0 /* MoviesViewModel.swift in Sources */ = {isa = PBXBuildFile; fileRef = 658107CD2AF696CA00A053A0 /* MoviesViewModel.swift */; };
		658107D12AF69AAC00A053A0 /* MoviesRepository.swift in Sources */ = {isa = PBXBuildFile; fileRef = 658107D02AF69AAC00A053A0 /* MoviesRepository.swift */; };
		658107D32AF6A1B600A053A0 /* LoadingModifier.swift in Sources */ = {isa = PBXBuildFile; fileRef = 658107D22AF6A1B600A053A0 /* LoadingModifier.swift */; };
		658107D62AF6A26300A053A0 /* SearchMoviesView.swift in Sources */ = {isa = PBXBuildFile; fileRef = 658107D42AF6A26300A053A0 /* SearchMoviesView.swift */; };
		658107D72AF6A26300A053A0 /* SearchMoviesViewModel.swift in Sources */ = {isa = PBXBuildFile; fileRef = 658107D52AF6A26300A053A0 /* SearchMoviesViewModel.swift */; };
		658107D92AF6A58C00A053A0 /* SearchMoviesRepository.swift in Sources */ = {isa = PBXBuildFile; fileRef = 658107D82AF6A58C00A053A0 /* SearchMoviesRepository.swift */; };
		658107E72AF6BC3D00A053A0 /* MoviesRouter.swift in Sources */ = {isa = PBXBuildFile; fileRef = 658107E62AF6BC3D00A053A0 /* MoviesRouter.swift */; };
		658107E92AF6BC4400A053A0 /* MoviesRouterView.swift in Sources */ = {isa = PBXBuildFile; fileRef = 658107E82AF6BC4400A053A0 /* MoviesRouterView.swift */; };
		658107EB2AF6BD7600A053A0 /* SearchRouter.swift in Sources */ = {isa = PBXBuildFile; fileRef = 658107EA2AF6BD7600A053A0 /* SearchRouter.swift */; };
		658107ED2AF6BDC100A053A0 /* SearchRouterView.swift in Sources */ = {isa = PBXBuildFile; fileRef = 658107EC2AF6BDC100A053A0 /* SearchRouterView.swift */; };
		658107F22AF6E3A000A053A0 /* HighlightedButtonStyle.swift in Sources */ = {isa = PBXBuildFile; fileRef = 658107F02AF6E3A000A053A0 /* HighlightedButtonStyle.swift */; };
		658107F32AF6E3A000A053A0 /* HighlightedButtonViewModifier.swift in Sources */ = {isa = PBXBuildFile; fileRef = 658107F12AF6E3A000A053A0 /* HighlightedButtonViewModifier.swift */; };
		659C952A2AF4553F00FE5042 /* RequestBuilder.swift in Sources */ = {isa = PBXBuildFile; fileRef = 659C95292AF4553F00FE5042 /* RequestBuilder.swift */; };
		659C952C2AF4555200FE5042 /* Request.swift in Sources */ = {isa = PBXBuildFile; fileRef = 659C952B2AF4555200FE5042 /* Request.swift */; };
		659C95302AF45BF800FE5042 /* Genre.swift in Sources */ = {isa = PBXBuildFile; fileRef = 659C952F2AF45BF800FE5042 /* Genre.swift */; };
		659C95322AF45E8000FE5042 /* Movie.swift in Sources */ = {isa = PBXBuildFile; fileRef = 659C95312AF45E8000FE5042 /* Movie.swift */; };
		659C95382AF5382A00FE5042 /* MovieDetailsView.swift in Sources */ = {isa = PBXBuildFile; fileRef = 659C95362AF5382A00FE5042 /* MovieDetailsView.swift */; };
		659C95392AF5382A00FE5042 /* MovieDetailsViewModel.swift in Sources */ = {isa = PBXBuildFile; fileRef = 659C95372AF5382A00FE5042 /* MovieDetailsViewModel.swift */; };
		659C953B2AF546C500FE5042 /* MovieDetailsRepository.swift in Sources */ = {isa = PBXBuildFile; fileRef = 659C953A2AF546C500FE5042 /* MovieDetailsRepository.swift */; };
		65C063F32B15491900D6A559 /* MoviesAPI.swift in Sources */ = {isa = PBXBuildFile; fileRef = 65C063F22B15491900D6A559 /* MoviesAPI.swift */; };
		65C063F52B154C5A00D6A559 /* MoviesAPIMock.swift in Sources */ = {isa = PBXBuildFile; fileRef = 65C063F42B154C5A00D6A559 /* MoviesAPIMock.swift */; };
		65C063F72B15699300D6A559 /* FBLoginManager.swift in Sources */ = {isa = PBXBuildFile; fileRef = 65C063F62B15699300D6A559 /* FBLoginManager.swift */; };
		65F9C22D2AF7BD1000FCFDD0 /* Color+Extensions.swift in Sources */ = {isa = PBXBuildFile; fileRef = 65F9C22C2AF7BD1000FCFDD0 /* Color+Extensions.swift */; };
		65F9C2302AF7C25300FCFDD0 /* NavigationBarModifier.swift in Sources */ = {isa = PBXBuildFile; fileRef = 65F9C22F2AF7C25300FCFDD0 /* NavigationBarModifier.swift */; };
		65F9C2322AF7C87400FCFDD0 /* SearchBarModifier.swift in Sources */ = {isa = PBXBuildFile; fileRef = 65F9C2312AF7C87400FCFDD0 /* SearchBarModifier.swift */; };
		65F9C2362AF7F21B00FCFDD0 /* Launch Screen.storyboard in Resources */ = {isa = PBXBuildFile; fileRef = 65F9C2352AF7F21B00FCFDD0 /* Launch Screen.storyboard */; };
		65FC570E2AF5A3B8000F43B0 /* UserInfoView.swift in Sources */ = {isa = PBXBuildFile; fileRef = 65FC570C2AF5A3B8000F43B0 /* UserInfoView.swift */; };
		65FC570F2AF5A3B8000F43B0 /* UserInfoViewModel.swift in Sources */ = {isa = PBXBuildFile; fileRef = 65FC570D2AF5A3B8000F43B0 /* UserInfoViewModel.swift */; };
		65FC57122AF5A500000F43B0 /* MovieList.swift in Sources */ = {isa = PBXBuildFile; fileRef = 65FC57112AF5A500000F43B0 /* MovieList.swift */; };
		65FC57182AF5AE53000F43B0 /* UserInfoRouter.swift in Sources */ = {isa = PBXBuildFile; fileRef = 65FC57172AF5AE53000F43B0 /* UserInfoRouter.swift */; };
		65FC571A2AF5AE82000F43B0 /* UserInfoRouterView.swift in Sources */ = {isa = PBXBuildFile; fileRef = 65FC57192AF5AE82000F43B0 /* UserInfoRouterView.swift */; };
/* End PBXBuildFile section */

/* Begin PBXFileReference section */
		653B8C342AD1875F008DD800 /* DRUMRE LAB1.app */ = {isa = PBXFileReference; explicitFileType = wrapper.application; includeInIndex = 0; path = "DRUMRE LAB1.app"; sourceTree = BUILT_PRODUCTS_DIR; };
		653B8C372AD1875F008DD800 /* DRUMRE_LAB1App.swift */ = {isa = PBXFileReference; lastKnownFileType = sourcecode.swift; path = DRUMRE_LAB1App.swift; sourceTree = "<group>"; };
		653B8C3B2AD18760008DD800 /* Assets.xcassets */ = {isa = PBXFileReference; lastKnownFileType = folder.assetcatalog; path = Assets.xcassets; sourceTree = "<group>"; };
		653B8C3E2AD18760008DD800 /* Preview Assets.xcassets */ = {isa = PBXFileReference; lastKnownFileType = folder.assetcatalog; path = "Preview Assets.xcassets"; sourceTree = "<group>"; };
		653B8C4A2AD18A67008DD800 /* APIError.swift */ = {isa = PBXFileReference; fileEncoding = 4; lastKnownFileType = sourcecode.swift; path = APIError.swift; sourceTree = "<group>"; };
		653B8C522AD18A67008DD800 /* RequestMethod.swift */ = {isa = PBXFileReference; fileEncoding = 4; lastKnownFileType = sourcecode.swift; path = RequestMethod.swift; sourceTree = "<group>"; };
		653B8C5B2AD18A7F008DD800 /* Logger.swift */ = {isa = PBXFileReference; fileEncoding = 4; lastKnownFileType = sourcecode.swift; path = Logger.swift; sourceTree = "<group>"; };
		653B8C5C2AD18A7F008DD800 /* LocalStorage.swift */ = {isa = PBXFileReference; fileEncoding = 4; lastKnownFileType = sourcecode.swift; path = LocalStorage.swift; sourceTree = "<group>"; };
		653B8C5D2AD18A7F008DD800 /* Router.swift */ = {isa = PBXFileReference; fileEncoding = 4; lastKnownFileType = sourcecode.swift; path = Router.swift; sourceTree = "<group>"; };
		653B8C7E2AD18AE2008DD800 /* Dictionary+Extensions.swift */ = {isa = PBXFileReference; fileEncoding = 4; lastKnownFileType = sourcecode.swift; path = "Dictionary+Extensions.swift"; sourceTree = "<group>"; };
		653B8C872AD18B5B008DD800 /* DispatchQueueFactory.swift */ = {isa = PBXFileReference; fileEncoding = 4; lastKnownFileType = sourcecode.swift; path = DispatchQueueFactory.swift; sourceTree = "<group>"; };
		653B8C882AD18B5B008DD800 /* Application.swift */ = {isa = PBXFileReference; fileEncoding = 4; lastKnownFileType = sourcecode.swift; path = Application.swift; sourceTree = "<group>"; };
		653B8C892AD18B5B008DD800 /* Storage.swift */ = {isa = PBXFileReference; fileEncoding = 4; lastKnownFileType = sourcecode.swift; path = Storage.swift; sourceTree = "<group>"; };
		653B8C8A2AD18B5B008DD800 /* Constants.swift */ = {isa = PBXFileReference; fileEncoding = 4; lastKnownFileType = sourcecode.swift; path = Constants.swift; sourceTree = "<group>"; };
		653B8C992AD190A4008DD800 /* DRUMRE-LAB1-Info.plist */ = {isa = PBXFileReference; lastKnownFileType = text.plist; path = "DRUMRE-LAB1-Info.plist"; sourceTree = SOURCE_ROOT; };
		653B8C9F2AD1C2E1008DD800 /* RootView.swift */ = {isa = PBXFileReference; lastKnownFileType = sourcecode.swift; path = RootView.swift; sourceTree = "<group>"; };
		653B8CA02AD1C2E1008DD800 /* RootViewModel.swift */ = {isa = PBXFileReference; lastKnownFileType = sourcecode.swift; path = RootViewModel.swift; sourceTree = "<group>"; };
		653B8CA32AD1C47E008DD800 /* SessionManager.swift */ = {isa = PBXFileReference; lastKnownFileType = sourcecode.swift; path = SessionManager.swift; sourceTree = "<group>"; };
		653B8CA62AD1D0CF008DD800 /* User.swift */ = {isa = PBXFileReference; lastKnownFileType = sourcecode.swift; path = User.swift; sourceTree = "<group>"; };
		653B8CA92AD1D92D008DD800 /* LoginView.swift */ = {isa = PBXFileReference; lastKnownFileType = sourcecode.swift; path = LoginView.swift; sourceTree = "<group>"; };
		653B8CAA2AD1D92D008DD800 /* LoginViewModel.swift */ = {isa = PBXFileReference; lastKnownFileType = sourcecode.swift; path = LoginViewModel.swift; sourceTree = "<group>"; };
		653B8CAE2AD21829008DD800 /* HomeView.swift */ = {isa = PBXFileReference; lastKnownFileType = sourcecode.swift; path = HomeView.swift; sourceTree = "<group>"; };
		654E113C2AD2CA7D0024008C /* FacebookError.swift */ = {isa = PBXFileReference; lastKnownFileType = sourcecode.swift; path = FacebookError.swift; sourceTree = "<group>"; };
		6558EF932ADC25B3006BB582 /* LoginRepository.swift */ = {isa = PBXFileReference; lastKnownFileType = sourcecode.swift; path = LoginRepository.swift; sourceTree = "<group>"; };
		658107CC2AF696CA00A053A0 /* MoviesView.swift */ = {isa = PBXFileReference; lastKnownFileType = sourcecode.swift; path = MoviesView.swift; sourceTree = "<group>"; };
		658107CD2AF696CA00A053A0 /* MoviesViewModel.swift */ = {isa = PBXFileReference; lastKnownFileType = sourcecode.swift; path = MoviesViewModel.swift; sourceTree = "<group>"; };
		658107D02AF69AAC00A053A0 /* MoviesRepository.swift */ = {isa = PBXFileReference; lastKnownFileType = sourcecode.swift; path = MoviesRepository.swift; sourceTree = "<group>"; };
		658107D22AF6A1B600A053A0 /* LoadingModifier.swift */ = {isa = PBXFileReference; fileEncoding = 4; lastKnownFileType = sourcecode.swift; path = LoadingModifier.swift; sourceTree = "<group>"; };
		658107D42AF6A26300A053A0 /* SearchMoviesView.swift */ = {isa = PBXFileReference; lastKnownFileType = sourcecode.swift; path = SearchMoviesView.swift; sourceTree = "<group>"; };
		658107D52AF6A26300A053A0 /* SearchMoviesViewModel.swift */ = {isa = PBXFileReference; lastKnownFileType = sourcecode.swift; path = SearchMoviesViewModel.swift; sourceTree = "<group>"; };
		658107D82AF6A58C00A053A0 /* SearchMoviesRepository.swift */ = {isa = PBXFileReference; lastKnownFileType = sourcecode.swift; path = SearchMoviesRepository.swift; sourceTree = "<group>"; };
		658107E62AF6BC3D00A053A0 /* MoviesRouter.swift */ = {isa = PBXFileReference; lastKnownFileType = sourcecode.swift; path = MoviesRouter.swift; sourceTree = "<group>"; };
		658107E82AF6BC4400A053A0 /* MoviesRouterView.swift */ = {isa = PBXFileReference; lastKnownFileType = sourcecode.swift; path = MoviesRouterView.swift; sourceTree = "<group>"; };
		658107EA2AF6BD7600A053A0 /* SearchRouter.swift */ = {isa = PBXFileReference; lastKnownFileType = sourcecode.swift; path = SearchRouter.swift; sourceTree = "<group>"; };
		658107EC2AF6BDC100A053A0 /* SearchRouterView.swift */ = {isa = PBXFileReference; lastKnownFileType = sourcecode.swift; path = SearchRouterView.swift; sourceTree = "<group>"; };
		658107F02AF6E3A000A053A0 /* HighlightedButtonStyle.swift */ = {isa = PBXFileReference; fileEncoding = 4; lastKnownFileType = sourcecode.swift; path = HighlightedButtonStyle.swift; sourceTree = "<group>"; };
		658107F12AF6E3A000A053A0 /* HighlightedButtonViewModifier.swift */ = {isa = PBXFileReference; fileEncoding = 4; lastKnownFileType = sourcecode.swift; path = HighlightedButtonViewModifier.swift; sourceTree = "<group>"; };
		659C95292AF4553F00FE5042 /* RequestBuilder.swift */ = {isa = PBXFileReference; lastKnownFileType = sourcecode.swift; path = RequestBuilder.swift; sourceTree = "<group>"; };
		659C952B2AF4555200FE5042 /* Request.swift */ = {isa = PBXFileReference; lastKnownFileType = sourcecode.swift; path = Request.swift; sourceTree = "<group>"; };
		659C952F2AF45BF800FE5042 /* Genre.swift */ = {isa = PBXFileReference; lastKnownFileType = sourcecode.swift; path = Genre.swift; sourceTree = "<group>"; };
		659C95312AF45E8000FE5042 /* Movie.swift */ = {isa = PBXFileReference; lastKnownFileType = sourcecode.swift; path = Movie.swift; sourceTree = "<group>"; };
		659C95362AF5382A00FE5042 /* MovieDetailsView.swift */ = {isa = PBXFileReference; lastKnownFileType = sourcecode.swift; path = MovieDetailsView.swift; sourceTree = "<group>"; };
		659C95372AF5382A00FE5042 /* MovieDetailsViewModel.swift */ = {isa = PBXFileReference; lastKnownFileType = sourcecode.swift; path = MovieDetailsViewModel.swift; sourceTree = "<group>"; };
		659C953A2AF546C500FE5042 /* MovieDetailsRepository.swift */ = {isa = PBXFileReference; lastKnownFileType = sourcecode.swift; path = MovieDetailsRepository.swift; sourceTree = "<group>"; };
		65C063F22B15491900D6A559 /* MoviesAPI.swift */ = {isa = PBXFileReference; lastKnownFileType = sourcecode.swift; path = MoviesAPI.swift; sourceTree = "<group>"; };
		65C063F42B154C5A00D6A559 /* MoviesAPIMock.swift */ = {isa = PBXFileReference; lastKnownFileType = sourcecode.swift; path = MoviesAPIMock.swift; sourceTree = "<group>"; };
		65C063F62B15699300D6A559 /* FBLoginManager.swift */ = {isa = PBXFileReference; lastKnownFileType = sourcecode.swift; path = FBLoginManager.swift; sourceTree = "<group>"; };
		65F9C22C2AF7BD1000FCFDD0 /* Color+Extensions.swift */ = {isa = PBXFileReference; lastKnownFileType = sourcecode.swift; path = "Color+Extensions.swift"; sourceTree = "<group>"; };
		65F9C22F2AF7C25300FCFDD0 /* NavigationBarModifier.swift */ = {isa = PBXFileReference; lastKnownFileType = sourcecode.swift; path = NavigationBarModifier.swift; sourceTree = "<group>"; };
		65F9C2312AF7C87400FCFDD0 /* SearchBarModifier.swift */ = {isa = PBXFileReference; lastKnownFileType = sourcecode.swift; path = SearchBarModifier.swift; sourceTree = "<group>"; };
		65F9C2352AF7F21B00FCFDD0 /* Launch Screen.storyboard */ = {isa = PBXFileReference; lastKnownFileType = file.storyboard; path = "Launch Screen.storyboard"; sourceTree = "<group>"; };
		65FC570C2AF5A3B8000F43B0 /* UserInfoView.swift */ = {isa = PBXFileReference; lastKnownFileType = sourcecode.swift; path = UserInfoView.swift; sourceTree = "<group>"; };
		65FC570D2AF5A3B8000F43B0 /* UserInfoViewModel.swift */ = {isa = PBXFileReference; lastKnownFileType = sourcecode.swift; path = UserInfoViewModel.swift; sourceTree = "<group>"; };
		65FC57112AF5A500000F43B0 /* MovieList.swift */ = {isa = PBXFileReference; lastKnownFileType = sourcecode.swift; path = MovieList.swift; sourceTree = "<group>"; };
		65FC57172AF5AE53000F43B0 /* UserInfoRouter.swift */ = {isa = PBXFileReference; lastKnownFileType = sourcecode.swift; path = UserInfoRouter.swift; sourceTree = "<group>"; };
		65FC57192AF5AE82000F43B0 /* UserInfoRouterView.swift */ = {isa = PBXFileReference; lastKnownFileType = sourcecode.swift; path = UserInfoRouterView.swift; sourceTree = "<group>"; };
/* End PBXFileReference section */

/* Begin PBXFrameworksBuildPhase section */
		653B8C312AD1875F008DD800 /* Frameworks */ = {
			isa = PBXFrameworksBuildPhase;
			buildActionMask = 2147483647;
			files = (
				653B8C982AD18EEA008DD800 /* FacebookLogin in Frameworks */,
				653B8C942AD18EEA008DD800 /* FacebookBasics in Frameworks */,
				653B8C922AD18EEA008DD800 /* FacebookAEM in Frameworks */,
				653B8C862AD18B08008DD800 /* SwiftyBeaver in Frameworks */,
				653B8C962AD18EEA008DD800 /* FacebookCore in Frameworks */,
			);
			runOnlyForDeploymentPostprocessing = 0;
		};
/* End PBXFrameworksBuildPhase section */

/* Begin PBXGroup section */
		653B8C2B2AD1875F008DD800 = {
			isa = PBXGroup;
			children = (
				653B8C362AD1875F008DD800 /* DRUMRE LAB1 */,
				653B8C352AD1875F008DD800 /* Products */,
			);
			sourceTree = "<group>";
		};
		653B8C352AD1875F008DD800 /* Products */ = {
			isa = PBXGroup;
			children = (
				653B8C342AD1875F008DD800 /* DRUMRE LAB1.app */,
			);
			name = Products;
			sourceTree = "<group>";
		};
		653B8C362AD1875F008DD800 /* DRUMRE LAB1 */ = {
			isa = PBXGroup;
			children = (
				653B8C992AD190A4008DD800 /* DRUMRE-LAB1-Info.plist */,
				653B8C3D2AD18760008DD800 /* Preview Content */,
				653B8C8F2AD18B62008DD800 /* Utils */,
				653B8C452AD18841008DD800 /* Resources */,
				653B8C772AD18AE2008DD800 /* Extensions */,
				653B8C492AD18A67008DD800 /* Network */,
				653B8C5A2AD18A7F008DD800 /* Services */,
				653B8CA52AD1D0C6008DD800 /* Models */,
				653B8C462AD18846008DD800 /* Modules */,
			);
			path = "DRUMRE LAB1";
			sourceTree = "<group>";
		};
		653B8C3D2AD18760008DD800 /* Preview Content */ = {
			isa = PBXGroup;
			children = (
				653B8C3E2AD18760008DD800 /* Preview Assets.xcassets */,
			);
			path = "Preview Content";
			sourceTree = "<group>";
		};
		653B8C452AD18841008DD800 /* Resources */ = {
			isa = PBXGroup;
			children = (
				653B8C3B2AD18760008DD800 /* Assets.xcassets */,
			);
			path = Resources;
			sourceTree = "<group>";
		};
		653B8C462AD18846008DD800 /* Modules */ = {
			isa = PBXGroup;
			children = (
				653B8C372AD1875F008DD800 /* DRUMRE_LAB1App.swift */,
				65FC57102AF5A4F4000F43B0 /* Components */,
				65F9C22E2AF7C24000FCFDD0 /* Modifiers */,
				653B8C9C2AD1C2AB008DD800 /* Root */,
				653B8CA82AD1D91F008DD800 /* Login */,
				653B8CAD2AD2181C008DD800 /* Home */,
				659C95352AF5381700FE5042 /* MovieDetails */,
				65FC570B2AF5A38E000F43B0 /* UserInfo */,
			);
			path = Modules;
			sourceTree = "<group>";
		};
		653B8C492AD18A67008DD800 /* Network */ = {
			isa = PBXGroup;
			children = (
				65C063F22B15491900D6A559 /* MoviesAPI.swift */,
				65C063F42B154C5A00D6A559 /* MoviesAPIMock.swift */,
				653B8C4A2AD18A67008DD800 /* APIError.swift */,
				659C952D2AF4555800FE5042 /* Request */,
			);
			path = Network;
			sourceTree = "<group>";
		};
		653B8C5A2AD18A7F008DD800 /* Services */ = {
			isa = PBXGroup;
			children = (
				653B8C5D2AD18A7F008DD800 /* Router.swift */,
				653B8C5B2AD18A7F008DD800 /* Logger.swift */,
				653B8C5C2AD18A7F008DD800 /* LocalStorage.swift */,
				653B8CA32AD1C47E008DD800 /* SessionManager.swift */,
				65C063F62B15699300D6A559 /* FBLoginManager.swift */,
			);
			path = Services;
			sourceTree = "<group>";
		};
		653B8C772AD18AE2008DD800 /* Extensions */ = {
			isa = PBXGroup;
			children = (
				658107F42AF6E43500A053A0 /* SwiftUI */,
				653B8C7A2AD18AE2008DD800 /* Foundation */,
			);
			path = Extensions;
			sourceTree = "<group>";
		};
		653B8C7A2AD18AE2008DD800 /* Foundation */ = {
			isa = PBXGroup;
			children = (
				653B8C7E2AD18AE2008DD800 /* Dictionary+Extensions.swift */,
			);
			path = Foundation;
			sourceTree = "<group>";
		};
		653B8C8F2AD18B62008DD800 /* Utils */ = {
			isa = PBXGroup;
			children = (
				653B8C882AD18B5B008DD800 /* Application.swift */,
				653B8C8A2AD18B5B008DD800 /* Constants.swift */,
				653B8C872AD18B5B008DD800 /* DispatchQueueFactory.swift */,
				653B8C892AD18B5B008DD800 /* Storage.swift */,
			);
			path = Utils;
			sourceTree = "<group>";
		};
		653B8C9C2AD1C2AB008DD800 /* Root */ = {
			isa = PBXGroup;
			children = (
				653B8C9F2AD1C2E1008DD800 /* RootView.swift */,
				653B8CA02AD1C2E1008DD800 /* RootViewModel.swift */,
			);
			path = Root;
			sourceTree = "<group>";
		};
		653B8CA52AD1D0C6008DD800 /* Models */ = {
			isa = PBXGroup;
			children = (
				653B8CA62AD1D0CF008DD800 /* User.swift */,
				654E113C2AD2CA7D0024008C /* FacebookError.swift */,
				659C952E2AF45BEF00FE5042 /* Domain */,
			);
			path = Models;
			sourceTree = "<group>";
		};
		653B8CA82AD1D91F008DD800 /* Login */ = {
			isa = PBXGroup;
			children = (
				653B8CA92AD1D92D008DD800 /* LoginView.swift */,
				653B8CAA2AD1D92D008DD800 /* LoginViewModel.swift */,
				6558EF932ADC25B3006BB582 /* LoginRepository.swift */,
			);
			path = Login;
			sourceTree = "<group>";
		};
		653B8CAD2AD2181C008DD800 /* Home */ = {
			isa = PBXGroup;
			children = (
				653B8CAE2AD21829008DD800 /* HomeView.swift */,
				658107CA2AF6967100A053A0 /* Movies */,
				658107CB2AF6968500A053A0 /* SearchMovies */,
			);
			path = Home;
			sourceTree = "<group>";
		};
		658107CA2AF6967100A053A0 /* Movies */ = {
			isa = PBXGroup;
			children = (
				658107E62AF6BC3D00A053A0 /* MoviesRouter.swift */,
				658107E82AF6BC4400A053A0 /* MoviesRouterView.swift */,
				658107CC2AF696CA00A053A0 /* MoviesView.swift */,
				658107CD2AF696CA00A053A0 /* MoviesViewModel.swift */,
				658107D02AF69AAC00A053A0 /* MoviesRepository.swift */,
			);
			path = Movies;
			sourceTree = "<group>";
		};
		658107CB2AF6968500A053A0 /* SearchMovies */ = {
			isa = PBXGroup;
			children = (
				658107EA2AF6BD7600A053A0 /* SearchRouter.swift */,
				658107EC2AF6BDC100A053A0 /* SearchRouterView.swift */,
				658107D42AF6A26300A053A0 /* SearchMoviesView.swift */,
				658107D52AF6A26300A053A0 /* SearchMoviesViewModel.swift */,
				658107D82AF6A58C00A053A0 /* SearchMoviesRepository.swift */,
			);
			path = SearchMovies;
			sourceTree = "<group>";
		};
		658107F42AF6E43500A053A0 /* SwiftUI */ = {
			isa = PBXGroup;
			children = (
				65F9C22C2AF7BD1000FCFDD0 /* Color+Extensions.swift */,
			);
			path = SwiftUI;
			sourceTree = "<group>";
		};
		659C952D2AF4555800FE5042 /* Request */ = {
			isa = PBXGroup;
			children = (
				659C952B2AF4555200FE5042 /* Request.swift */,
				653B8C522AD18A67008DD800 /* RequestMethod.swift */,
				659C95292AF4553F00FE5042 /* RequestBuilder.swift */,
			);
			name = Request;
			sourceTree = "<group>";
		};
		659C952E2AF45BEF00FE5042 /* Domain */ = {
			isa = PBXGroup;
			children = (
				659C952F2AF45BF800FE5042 /* Genre.swift */,
				659C95312AF45E8000FE5042 /* Movie.swift */,
			);
			path = Domain;
			sourceTree = "<group>";
		};
		659C95352AF5381700FE5042 /* MovieDetails */ = {
			isa = PBXGroup;
			children = (
				659C95362AF5382A00FE5042 /* MovieDetailsView.swift */,
				659C95372AF5382A00FE5042 /* MovieDetailsViewModel.swift */,
				659C953A2AF546C500FE5042 /* MovieDetailsRepository.swift */,
			);
			path = MovieDetails;
			sourceTree = "<group>";
		};
		65F9C22E2AF7C24000FCFDD0 /* Modifiers */ = {
			isa = PBXGroup;
			children = (
				658107D22AF6A1B600A053A0 /* LoadingModifier.swift */,
				658107F02AF6E3A000A053A0 /* HighlightedButtonStyle.swift */,
				658107F12AF6E3A000A053A0 /* HighlightedButtonViewModifier.swift */,
				65F9C22F2AF7C25300FCFDD0 /* NavigationBarModifier.swift */,
				65F9C2312AF7C87400FCFDD0 /* SearchBarModifier.swift */,
			);
			path = Modifiers;
			sourceTree = "<group>";
		};
		65FC570B2AF5A38E000F43B0 /* UserInfo */ = {
			isa = PBXGroup;
			children = (
				65FC57172AF5AE53000F43B0 /* UserInfoRouter.swift */,
				65FC57192AF5AE82000F43B0 /* UserInfoRouterView.swift */,
				65FC570C2AF5A3B8000F43B0 /* UserInfoView.swift */,
				65FC570D2AF5A3B8000F43B0 /* UserInfoViewModel.swift */,
			);
			path = UserInfo;
			sourceTree = "<group>";
		};
		65FC57102AF5A4F4000F43B0 /* Components */ = {
			isa = PBXGroup;
			children = (
				65FC57112AF5A500000F43B0 /* MovieList.swift */,
				65F9C2352AF7F21B00FCFDD0 /* Launch Screen.storyboard */,
			);
			path = Components;
			sourceTree = "<group>";
		};
/* End PBXGroup section */

/* Begin PBXNativeTarget section */
		653B8C332AD1875F008DD800 /* DRUMRE LAB1 */ = {
			isa = PBXNativeTarget;
			buildConfigurationList = 653B8C422AD18760008DD800 /* Build configuration list for PBXNativeTarget "DRUMRE LAB1" */;
			buildPhases = (
				653B8C302AD1875F008DD800 /* Sources */,
				653B8C312AD1875F008DD800 /* Frameworks */,
				653B8C322AD1875F008DD800 /* Resources */,
			);
			buildRules = (
			);
			dependencies = (
			);
			name = "DRUMRE LAB1";
			packageProductDependencies = (
				653B8C852AD18B08008DD800 /* SwiftyBeaver */,
				653B8C912AD18EEA008DD800 /* FacebookAEM */,
				653B8C932AD18EEA008DD800 /* FacebookBasics */,
				653B8C952AD18EEA008DD800 /* FacebookCore */,
				653B8C972AD18EEA008DD800 /* FacebookLogin */,
			);
			productName = "DRUMRE LAB1";
			productReference = 653B8C342AD1875F008DD800 /* DRUMRE LAB1.app */;
			productType = "com.apple.product-type.application";
		};
/* End PBXNativeTarget section */

/* Begin PBXProject section */
		653B8C2C2AD1875F008DD800 /* Project object */ = {
			isa = PBXProject;
			attributes = {
				BuildIndependentTargetsInParallel = 1;
				LastSwiftUpdateCheck = 1500;
				LastUpgradeCheck = 1500;
				TargetAttributes = {
					653B8C332AD1875F008DD800 = {
						CreatedOnToolsVersion = 15.0;
					};
				};
			};
			buildConfigurationList = 653B8C2F2AD1875F008DD800 /* Build configuration list for PBXProject "DRUMRE LAB1" */;
			compatibilityVersion = "Xcode 14.0";
			developmentRegion = en;
			hasScannedForEncodings = 0;
			knownRegions = (
				en,
				Base,
			);
			mainGroup = 653B8C2B2AD1875F008DD800;
			packageReferences = (
				653B8C842AD18B08008DD800 /* XCRemoteSwiftPackageReference "SwiftyBeaver" */,
				653B8C902AD18EEA008DD800 /* XCRemoteSwiftPackageReference "facebook-ios-sdk" */,
			);
			productRefGroup = 653B8C352AD1875F008DD800 /* Products */;
			projectDirPath = "";
			projectRoot = "";
			targets = (
				653B8C332AD1875F008DD800 /* DRUMRE LAB1 */,
			);
		};
/* End PBXProject section */

/* Begin PBXResourcesBuildPhase section */
		653B8C322AD1875F008DD800 /* Resources */ = {
			isa = PBXResourcesBuildPhase;
			buildActionMask = 2147483647;
			files = (
				653B8C3F2AD18760008DD800 /* Preview Assets.xcassets in Resources */,
				653B8C3C2AD18760008DD800 /* Assets.xcassets in Resources */,
				65F9C2362AF7F21B00FCFDD0 /* Launch Screen.storyboard in Resources */,
			);
			runOnlyForDeploymentPostprocessing = 0;
		};
/* End PBXResourcesBuildPhase section */

/* Begin PBXSourcesBuildPhase section */
		653B8C302AD1875F008DD800 /* Sources */ = {
			isa = PBXSourcesBuildPhase;
			buildActionMask = 2147483647;
			files = (
				65FC571A2AF5AE82000F43B0 /* UserInfoRouterView.swift in Sources */,
				659C95392AF5382A00FE5042 /* MovieDetailsViewModel.swift in Sources */,
				6558EF942ADC25B3006BB582 /* LoginRepository.swift in Sources */,
				653B8CB02AD21829008DD800 /* HomeView.swift in Sources */,
				653B8C6B2AD18A7F008DD800 /* LocalStorage.swift in Sources */,
				653B8CA42AD1C47E008DD800 /* SessionManager.swift in Sources */,
				653B8C8C2AD18B5B008DD800 /* Application.swift in Sources */,
				659C953B2AF546C500FE5042 /* MovieDetailsRepository.swift in Sources */,
				65FC57122AF5A500000F43B0 /* MovieList.swift in Sources */,
				65C063F32B15491900D6A559 /* MoviesAPI.swift in Sources */,
				653B8C382AD1875F008DD800 /* DRUMRE_LAB1App.swift in Sources */,
				658107D92AF6A58C00A053A0 /* SearchMoviesRepository.swift in Sources */,
				658107D32AF6A1B600A053A0 /* LoadingModifier.swift in Sources */,
				659C95302AF45BF800FE5042 /* Genre.swift in Sources */,
				658107ED2AF6BDC100A053A0 /* SearchRouterView.swift in Sources */,
				658107D12AF69AAC00A053A0 /* MoviesRepository.swift in Sources */,
				65F9C2322AF7C87400FCFDD0 /* SearchBarModifier.swift in Sources */,
				658107E72AF6BC3D00A053A0 /* MoviesRouter.swift in Sources */,
				658107F32AF6E3A000A053A0 /* HighlightedButtonViewModifier.swift in Sources */,
				658107D72AF6A26300A053A0 /* SearchMoviesViewModel.swift in Sources */,
				658107F22AF6E3A000A053A0 /* HighlightedButtonStyle.swift in Sources */,
				659C95322AF45E8000FE5042 /* Movie.swift in Sources */,
				653B8C532AD18A67008DD800 /* APIError.swift in Sources */,
				653B8C6C2AD18A7F008DD800 /* Router.swift in Sources */,
				658107CF2AF696CA00A053A0 /* MoviesViewModel.swift in Sources */,
				653B8CAC2AD1D92D008DD800 /* LoginViewModel.swift in Sources */,
				658107CE2AF696CA00A053A0 /* MoviesView.swift in Sources */,
				659C95382AF5382A00FE5042 /* MovieDetailsView.swift in Sources */,
				65F9C22D2AF7BD1000FCFDD0 /* Color+Extensions.swift in Sources */,
				653B8C832AD18AE2008DD800 /* Dictionary+Extensions.swift in Sources */,
				653B8CA22AD1C2E1008DD800 /* RootViewModel.swift in Sources */,
				65FC57182AF5AE53000F43B0 /* UserInfoRouter.swift in Sources */,
				658107EB2AF6BD7600A053A0 /* SearchRouter.swift in Sources */,
				65FC570F2AF5A3B8000F43B0 /* UserInfoViewModel.swift in Sources */,
				659C952A2AF4553F00FE5042 /* RequestBuilder.swift in Sources */,
				653B8CAB2AD1D92D008DD800 /* LoginView.swift in Sources */,
				653B8CA12AD1C2E1008DD800 /* RootView.swift in Sources */,
				653B8C8D2AD18B5B008DD800 /* Storage.swift in Sources */,
				65C063F72B15699300D6A559 /* FBLoginManager.swift in Sources */,
				65FC570E2AF5A3B8000F43B0 /* UserInfoView.swift in Sources */,
				653B8C6A2AD18A7F008DD800 /* Logger.swift in Sources */,
				658107D62AF6A26300A053A0 /* SearchMoviesView.swift in Sources */,
				658107E92AF6BC4400A053A0 /* MoviesRouterView.swift in Sources */,
				659C952C2AF4555200FE5042 /* Request.swift in Sources */,
				653B8C8B2AD18B5B008DD800 /* DispatchQueueFactory.swift in Sources */,
				653B8C592AD18A67008DD800 /* RequestMethod.swift in Sources */,
				653B8CA72AD1D0CF008DD800 /* User.swift in Sources */,
				653B8C8E2AD18B5B008DD800 /* Constants.swift in Sources */,
				65C063F52B154C5A00D6A559 /* MoviesAPIMock.swift in Sources */,
				65F9C2302AF7C25300FCFDD0 /* NavigationBarModifier.swift in Sources */,
				654E113D2AD2CA7D0024008C /* FacebookError.swift in Sources */,
			);
			runOnlyForDeploymentPostprocessing = 0;
		};
/* End PBXSourcesBuildPhase section */

/* Begin XCBuildConfiguration section */
		653B8C402AD18760008DD800 /* Debug */ = {
			isa = XCBuildConfiguration;
			buildSettings = {
				ALWAYS_SEARCH_USER_PATHS = NO;
				ASSETCATALOG_COMPILER_GENERATE_SWIFT_ASSET_SYMBOL_EXTENSIONS = YES;
				CLANG_ANALYZER_NONNULL = YES;
				CLANG_ANALYZER_NUMBER_OBJECT_CONVERSION = YES_AGGRESSIVE;
				CLANG_CXX_LANGUAGE_STANDARD = "gnu++20";
				CLANG_ENABLE_MODULES = YES;
				CLANG_ENABLE_OBJC_ARC = YES;
				CLANG_ENABLE_OBJC_WEAK = YES;
				CLANG_WARN_BLOCK_CAPTURE_AUTORELEASING = YES;
				CLANG_WARN_BOOL_CONVERSION = YES;
				CLANG_WARN_COMMA = YES;
				CLANG_WARN_CONSTANT_CONVERSION = YES;
				CLANG_WARN_DEPRECATED_OBJC_IMPLEMENTATIONS = YES;
				CLANG_WARN_DIRECT_OBJC_ISA_USAGE = YES_ERROR;
				CLANG_WARN_DOCUMENTATION_COMMENTS = YES;
				CLANG_WARN_EMPTY_BODY = YES;
				CLANG_WARN_ENUM_CONVERSION = YES;
				CLANG_WARN_INFINITE_RECURSION = YES;
				CLANG_WARN_INT_CONVERSION = YES;
				CLANG_WARN_NON_LITERAL_NULL_CONVERSION = YES;
				CLANG_WARN_OBJC_IMPLICIT_RETAIN_SELF = YES;
				CLANG_WARN_OBJC_LITERAL_CONVERSION = YES;
				CLANG_WARN_OBJC_ROOT_CLASS = YES_ERROR;
				CLANG_WARN_QUOTED_INCLUDE_IN_FRAMEWORK_HEADER = YES;
				CLANG_WARN_RANGE_LOOP_ANALYSIS = YES;
				CLANG_WARN_STRICT_PROTOTYPES = YES;
				CLANG_WARN_SUSPICIOUS_MOVE = YES;
				CLANG_WARN_UNGUARDED_AVAILABILITY = YES_AGGRESSIVE;
				CLANG_WARN_UNREACHABLE_CODE = YES;
				CLANG_WARN__DUPLICATE_METHOD_MATCH = YES;
				COPY_PHASE_STRIP = NO;
				DEBUG_INFORMATION_FORMAT = dwarf;
				ENABLE_STRICT_OBJC_MSGSEND = YES;
				ENABLE_TESTABILITY = YES;
				ENABLE_USER_SCRIPT_SANDBOXING = YES;
				GCC_C_LANGUAGE_STANDARD = gnu17;
				GCC_DYNAMIC_NO_PIC = NO;
				GCC_NO_COMMON_BLOCKS = YES;
				GCC_OPTIMIZATION_LEVEL = 0;
				GCC_PREPROCESSOR_DEFINITIONS = (
					"DEBUG=1",
					"$(inherited)",
				);
				GCC_WARN_64_TO_32_BIT_CONVERSION = YES;
				GCC_WARN_ABOUT_RETURN_TYPE = YES_ERROR;
				GCC_WARN_UNDECLARED_SELECTOR = YES;
				GCC_WARN_UNINITIALIZED_AUTOS = YES_AGGRESSIVE;
				GCC_WARN_UNUSED_FUNCTION = YES;
				GCC_WARN_UNUSED_VARIABLE = YES;
				IPHONEOS_DEPLOYMENT_TARGET = 17.0;
				LOCALIZATION_PREFERS_STRING_CATALOGS = YES;
				MTL_ENABLE_DEBUG_INFO = INCLUDE_SOURCE;
				MTL_FAST_MATH = YES;
				ONLY_ACTIVE_ARCH = YES;
				SDKROOT = iphoneos;
				SWIFT_ACTIVE_COMPILATION_CONDITIONS = "DEBUG $(inherited)";
				SWIFT_OPTIMIZATION_LEVEL = "-Onone";
			};
			name = Debug;
		};
		653B8C412AD18760008DD800 /* Release */ = {
			isa = XCBuildConfiguration;
			buildSettings = {
				ALWAYS_SEARCH_USER_PATHS = NO;
				ASSETCATALOG_COMPILER_GENERATE_SWIFT_ASSET_SYMBOL_EXTENSIONS = YES;
				CLANG_ANALYZER_NONNULL = YES;
				CLANG_ANALYZER_NUMBER_OBJECT_CONVERSION = YES_AGGRESSIVE;
				CLANG_CXX_LANGUAGE_STANDARD = "gnu++20";
				CLANG_ENABLE_MODULES = YES;
				CLANG_ENABLE_OBJC_ARC = YES;
				CLANG_ENABLE_OBJC_WEAK = YES;
				CLANG_WARN_BLOCK_CAPTURE_AUTORELEASING = YES;
				CLANG_WARN_BOOL_CONVERSION = YES;
				CLANG_WARN_COMMA = YES;
				CLANG_WARN_CONSTANT_CONVERSION = YES;
				CLANG_WARN_DEPRECATED_OBJC_IMPLEMENTATIONS = YES;
				CLANG_WARN_DIRECT_OBJC_ISA_USAGE = YES_ERROR;
				CLANG_WARN_DOCUMENTATION_COMMENTS = YES;
				CLANG_WARN_EMPTY_BODY = YES;
				CLANG_WARN_ENUM_CONVERSION = YES;
				CLANG_WARN_INFINITE_RECURSION = YES;
				CLANG_WARN_INT_CONVERSION = YES;
				CLANG_WARN_NON_LITERAL_NULL_CONVERSION = YES;
				CLANG_WARN_OBJC_IMPLICIT_RETAIN_SELF = YES;
				CLANG_WARN_OBJC_LITERAL_CONVERSION = YES;
				CLANG_WARN_OBJC_ROOT_CLASS = YES_ERROR;
				CLANG_WARN_QUOTED_INCLUDE_IN_FRAMEWORK_HEADER = YES;
				CLANG_WARN_RANGE_LOOP_ANALYSIS = YES;
				CLANG_WARN_STRICT_PROTOTYPES = YES;
				CLANG_WARN_SUSPICIOUS_MOVE = YES;
				CLANG_WARN_UNGUARDED_AVAILABILITY = YES_AGGRESSIVE;
				CLANG_WARN_UNREACHABLE_CODE = YES;
				CLANG_WARN__DUPLICATE_METHOD_MATCH = YES;
				COPY_PHASE_STRIP = NO;
				DEBUG_INFORMATION_FORMAT = "dwarf-with-dsym";
				ENABLE_NS_ASSERTIONS = NO;
				ENABLE_STRICT_OBJC_MSGSEND = YES;
				ENABLE_USER_SCRIPT_SANDBOXING = YES;
				GCC_C_LANGUAGE_STANDARD = gnu17;
				GCC_NO_COMMON_BLOCKS = YES;
				GCC_WARN_64_TO_32_BIT_CONVERSION = YES;
				GCC_WARN_ABOUT_RETURN_TYPE = YES_ERROR;
				GCC_WARN_UNDECLARED_SELECTOR = YES;
				GCC_WARN_UNINITIALIZED_AUTOS = YES_AGGRESSIVE;
				GCC_WARN_UNUSED_FUNCTION = YES;
				GCC_WARN_UNUSED_VARIABLE = YES;
				IPHONEOS_DEPLOYMENT_TARGET = 17.0;
				LOCALIZATION_PREFERS_STRING_CATALOGS = YES;
				MTL_ENABLE_DEBUG_INFO = NO;
				MTL_FAST_MATH = YES;
				SDKROOT = iphoneos;
				SWIFT_COMPILATION_MODE = wholemodule;
				VALIDATE_PRODUCT = YES;
			};
			name = Release;
		};
		653B8C432AD18760008DD800 /* Debug */ = {
			isa = XCBuildConfiguration;
			buildSettings = {
				ASSETCATALOG_COMPILER_APPICON_NAME = AppIcon;
				ASSETCATALOG_COMPILER_GLOBAL_ACCENT_COLOR_NAME = AccentColor;
				CODE_SIGN_STYLE = Automatic;
				CURRENT_PROJECT_VERSION = 1;
				DEVELOPMENT_ASSET_PATHS = "\"DRUMRE LAB1/Preview Content\"";
				DEVELOPMENT_TEAM = FH74Y7RF3P;
				ENABLE_PREVIEWS = YES;
				GENERATE_INFOPLIST_FILE = YES;
				INFOPLIST_FILE = "DRUMRE-LAB1-Info.plist";
				INFOPLIST_KEY_CFBundleDisplayName = Muviz;
				INFOPLIST_KEY_UIApplicationSceneManifest_Generation = YES;
				INFOPLIST_KEY_UIApplicationSupportsIndirectInputEvents = YES;
				INFOPLIST_KEY_UILaunchScreen_Generation = YES;
				INFOPLIST_KEY_UILaunchStoryboardName = "Launch Screen.storyboard";
				INFOPLIST_KEY_UISupportedInterfaceOrientations = UIInterfaceOrientationPortrait;
				INFOPLIST_KEY_UISupportedInterfaceOrientations_iPad = "UIInterfaceOrientationLandscapeLeft UIInterfaceOrientationLandscapeRight UIInterfaceOrientationPortrait UIInterfaceOrientationPortraitUpsideDown";
				LD_RUNPATH_SEARCH_PATHS = (
					"$(inherited)",
					"@executable_path/Frameworks",
				);
				MARKETING_VERSION = 1.0;
				OTHER_LDFLAGS = "-Wl,-ld_classic";
				PRODUCT_BUNDLE_IDENTIFIER = "com.andreflego.DRUMRE-LAB1";
				PRODUCT_NAME = "$(TARGET_NAME)";
				SWIFT_EMIT_LOC_STRINGS = YES;
				SWIFT_VERSION = 5.0;
				TARGETED_DEVICE_FAMILY = "1,2";
			};
			name = Debug;
		};
		653B8C442AD18760008DD800 /* Release */ = {
			isa = XCBuildConfiguration;
			buildSettings = {
				ASSETCATALOG_COMPILER_APPICON_NAME = AppIcon;
				ASSETCATALOG_COMPILER_GLOBAL_ACCENT_COLOR_NAME = AccentColor;
				CODE_SIGN_STYLE = Automatic;
				CURRENT_PROJECT_VERSION = 1;
				DEVELOPMENT_ASSET_PATHS = "\"DRUMRE LAB1/Preview Content\"";
				DEVELOPMENT_TEAM = FH74Y7RF3P;
				ENABLE_PREVIEWS = YES;
				GENERATE_INFOPLIST_FILE = YES;
				INFOPLIST_FILE = "DRUMRE-LAB1-Info.plist";
				INFOPLIST_KEY_CFBundleDisplayName = Muviz;
				INFOPLIST_KEY_UIApplicationSceneManifest_Generation = YES;
				INFOPLIST_KEY_UIApplicationSupportsIndirectInputEvents = YES;
				INFOPLIST_KEY_UILaunchScreen_Generation = YES;
				INFOPLIST_KEY_UILaunchStoryboardName = "Launch Screen.storyboard";
				INFOPLIST_KEY_UISupportedInterfaceOrientations = UIInterfaceOrientationPortrait;
				INFOPLIST_KEY_UISupportedInterfaceOrientations_iPad = "UIInterfaceOrientationLandscapeLeft UIInterfaceOrientationLandscapeRight UIInterfaceOrientationPortrait UIInterfaceOrientationPortraitUpsideDown";
				LD_RUNPATH_SEARCH_PATHS = (
					"$(inherited)",
					"@executable_path/Frameworks",
				);
				MARKETING_VERSION = 1.0;
				OTHER_LDFLAGS = "-Wl,-ld_classic";
				PRODUCT_BUNDLE_IDENTIFIER = "com.andreflego.DRUMRE-LAB1";
				PRODUCT_NAME = "$(TARGET_NAME)";
				SWIFT_EMIT_LOC_STRINGS = YES;
				SWIFT_VERSION = 5.0;
				TARGETED_DEVICE_FAMILY = "1,2";
			};
			name = Release;
		};
/* End XCBuildConfiguration section */

/* Begin XCConfigurationList section */
		653B8C2F2AD1875F008DD800 /* Build configuration list for PBXProject "DRUMRE LAB1" */ = {
			isa = XCConfigurationList;
			buildConfigurations = (
				653B8C402AD18760008DD800 /* Debug */,
				653B8C412AD18760008DD800 /* Release */,
			);
			defaultConfigurationIsVisible = 0;
			defaultConfigurationName = Release;
		};
		653B8C422AD18760008DD800 /* Build configuration list for PBXNativeTarget "DRUMRE LAB1" */ = {
			isa = XCConfigurationList;
			buildConfigurations = (
				653B8C432AD18760008DD800 /* Debug */,
				653B8C442AD18760008DD800 /* Release */,
			);
			defaultConfigurationIsVisible = 0;
			defaultConfigurationName = Release;
		};
/* End XCConfigurationList section */

/* Begin XCRemoteSwiftPackageReference section */
		653B8C842AD18B08008DD800 /* XCRemoteSwiftPackageReference "SwiftyBeaver" */ = {
			isa = XCRemoteSwiftPackageReference;
			repositoryURL = "https://github.com/SwiftyBeaver/SwiftyBeaver.git";
			requirement = {
				kind = upToNextMajorVersion;
				minimumVersion = 2.0.0;
			};
		};
		653B8C902AD18EEA008DD800 /* XCRemoteSwiftPackageReference "facebook-ios-sdk" */ = {
			isa = XCRemoteSwiftPackageReference;
			repositoryURL = "https://github.com/facebook/facebook-ios-sdk";
			requirement = {
				kind = upToNextMajorVersion;
				minimumVersion = 14.1.0;
			};
		};
/* End XCRemoteSwiftPackageReference section */

/* Begin XCSwiftPackageProductDependency section */
		653B8C852AD18B08008DD800 /* SwiftyBeaver */ = {
			isa = XCSwiftPackageProductDependency;
			package = 653B8C842AD18B08008DD800 /* XCRemoteSwiftPackageReference "SwiftyBeaver" */;
			productName = SwiftyBeaver;
		};
		653B8C912AD18EEA008DD800 /* FacebookAEM */ = {
			isa = XCSwiftPackageProductDependency;
			package = 653B8C902AD18EEA008DD800 /* XCRemoteSwiftPackageReference "facebook-ios-sdk" */;
			productName = FacebookAEM;
		};
		653B8C932AD18EEA008DD800 /* FacebookBasics */ = {
			isa = XCSwiftPackageProductDependency;
			package = 653B8C902AD18EEA008DD800 /* XCRemoteSwiftPackageReference "facebook-ios-sdk" */;
			productName = FacebookBasics;
		};
		653B8C952AD18EEA008DD800 /* FacebookCore */ = {
			isa = XCSwiftPackageProductDependency;
			package = 653B8C902AD18EEA008DD800 /* XCRemoteSwiftPackageReference "facebook-ios-sdk" */;
			productName = FacebookCore;
		};
		653B8C972AD18EEA008DD800 /* FacebookLogin */ = {
			isa = XCSwiftPackageProductDependency;
			package = 653B8C902AD18EEA008DD800 /* XCRemoteSwiftPackageReference "facebook-ios-sdk" */;
			productName = FacebookLogin;
		};
/* End XCSwiftPackageProductDependency section */
	};
	rootObject = 653B8C2C2AD1875F008DD800 /* Project object */;
}
